
Microsoft Visual Studio Solution File, Format Version 12.00
# Visual Studio Version 16
VisualStudioVersion = 16.0.29326.143
MinimumVisualStudioVersion = 10.0.40219.1
Project("{FAE04EC0-301F-11D3-BF4B-00C04F79EFBC}") = "TcpClientTool", "TcpClientTool\TcpClientTool.csproj", "{1A80778F-B6B5-442E-9E1B-C6216A24F8C0}"
EndProject
Project("{FAE04EC0-301F-11D3-BF4B-00C04F79EFBC}") = "UdpTool", "UdpTool\UdpTool.csproj", "{3455D706-1959-442A-A53F-0B4479D94F16}"
EndProject
Project("{FAE04EC0-301F-11D3-BF4B-00C04F79EFBC}") = "Common", "Common\Common.csproj", "{E1FEE78B-CBEC-4A3E-9252-581406417CE0}"
EndProject
Project("{FAE04EC0-301F-11D3-BF4B-00C04F79EFBC}") = "FirewallTool", "FirewallTool\FirewallTool.csproj", "{BF6B0BF8-9FC0-4701-A7CE-FA66EA86C95E}"
EndProject
Project("{FAE04EC0-301F-11D3-BF4B-00C04F79EFBC}") = "IcmpTool", "IcmpTool\IcmpTool.csproj", "{5E693A9D-F2FF-4740-A95B-CB08B5EF2C8B}"
EndProject
Project("{FAE04EC0-301F-11D3-BF4B-00C04F79EFBC}") = "SerialTool", "SerialTool\SerialTool.csproj", "{74FAAD3B-B66C-40BD-ACD3-C8BAEA47B8A4}"
EndProject
Project("{FAE04EC0-301F-11D3-BF4B-00C04F79EFBC}") = "WebSocketTool", "WebSocketTool\WebSocketTool.csproj", "{23B1ADCA-39FF-4FBF-B336-770FB124C9F8}"
EndProject
Project("{FAE04EC0-301F-11D3-BF4B-00C04F79EFBC}") = "WebSocketServerTool", "WebSocketServerTool\WebSocketServerTool.csproj", "{4846204E-E40A-4ABE-AB71-8CFED0CB1567}"
EndProject
Project("{FAE04EC0-301F-11D3-BF4B-00C04F79EFBC}") = "SnifferTool", "SnifferTool\SnifferTool.csproj", "{5D3B68EB-0764-49D9-A5D4-1216AEDEFEAA}"
EndProject
Project("{FAE04EC0-301F-11D3-BF4B-00C04F79EFBC}") = "RouteTool", "RouteTool\RouteTool.csproj", "{F0D291A0-D1C7-4148-BF1A-407396510C06}"
EndProject
Project("{FAE04EC0-301F-11D3-BF4B-00C04F79EFBC}") = "TcpListenerTool", "TcpListenerTool\TcpListenerTool.csproj", "{0AA07A12-6361-4BD7-9A24-87690A3AEACE}"
EndProject
Project("{FAE04EC0-301F-11D3-BF4B-00C04F79EFBC}") = "BluetoothSerialServerTool", "BluetoothSerialServerTool\BluetoothSerialServerTool.csproj", "{93C2A8EA-73D2-43C4-BED7-362C650C709A}"
EndProject
Project("{FAE04EC0-301F-11D3-BF4B-00C04F79EFBC}") = "BluetoothSerialClientTool", "BluetoothSerialClientTool\BluetoothSerialClientTool.csproj", "{3BFFB6BF-138D-4809-AA3B-F67B5FDC57C4}"
EndProject
Project("{FAE04EC0-301F-11D3-BF4B-00C04F79EFBC}") = "HttpListenerTool", "HttpListenerTool\HttpListenerTool.csproj", "{17F0F4CB-9A50-46C9-BB6D-4732DE14F236}"
EndProject
Project("{FAE04EC0-301F-11D3-BF4B-00C04F79EFBC}") = "SmtpServerTool", "SmtpServerTool\SmtpServerTool.csproj", "{7A252C0A-6704-4237-B4F4-9C75CD5FEFBD}"
EndProject
Project("{FAE04EC0-301F-11D3-BF4B-00C04F79EFBC}") = "SmtpClientTool", "SmtpClientTool\SmtpClientTool.csproj", "{0BB9835B-6ED0-499F-8370-D219668BC127}"
EndProject
Project("{2150E333-8FDC-42A3-9474-1A3956D46DE8}") = "Solution Items", "Solution Items", "{422CD981-FC6F-4AD0-9EDA-6BA806F16A2E}"
	ProjectSection(SolutionItems) = preProject
		.codacy.yml = .codacy.yml
		appveyor.yml = appveyor.yml
		License.md = License.md
		README.md = README.md
	EndProjectSection
EndProject
Project("{FAE04EC0-301F-11D3-BF4B-00C04F79EFBC}") = "HttpRequestTool", "HttpRequestTool\HttpRequestTool.csproj", "{51FA2B68-BB76-4CD2-A9F7-BAFF68B2E059}"
EndProject
Project("{FAE04EC0-301F-11D3-BF4B-00C04F79EFBC}") = "EncodingTool", "EncodingTool\EncodingTool.csproj", "{1667A1D7-8F66-462C-99A3-AC86BA04D362}"
EndProject
Project("{FAE04EC0-301F-11D3-BF4B-00C04F79EFBC}") = "GitTool", "GitTool\GitTool.csproj", "{344D1F03-CA1D-4F20-BA62-3B06A55C12B5}"
EndProject
Project("{FAE04EC0-301F-11D3-BF4B-00C04F79EFBC}") = "GitLabTool", "GitLabTool\GitLabTool.csproj", "{622DAB06-0A72-48E8-8392-60CF79BAF143}"
EndProject
Project("{FAE04EC0-301F-11D3-BF4B-00C04F79EFBC}") = "MqttClientTool", "MqttClientTool\MqttClientTool.csproj", "{29EE39BC-27E1-4903-B380-B5AA03525EF0}"
EndProject
Project("{FAE04EC0-301F-11D3-BF4B-00C04F79EFBC}") = "AmqpClientTool", "AmqpClientTool\AmqpClientTool.csproj", "{BE654748-3D68-4632-AA2E-AF7B797F4F3D}"
EndProject
Project("{FAE04EC0-301F-11D3-BF4B-00C04F79EFBC}") = "KafkaClientTool", "KafkaClientTool\KafkaClientTool.csproj", "{5C4AE888-051E-49F8-9C6A-8E251205B33E}"
EndProject
Project("{FAE04EC0-301F-11D3-BF4B-00C04F79EFBC}") = "HidTool", "HidTool\HidTool.csproj", "{E09DD6B5-D93B-4D68-939E-E0DA21D90D11}"
EndProject
Project("{FAE04EC0-301F-11D3-BF4B-00C04F79EFBC}") = "WmiQuery", "WmiQuery\WmiQuery.csproj", "{EAD17954-85E2-4105-A66B-045084BF4851}"
EndProject
Project("{FAE04EC0-301F-11D3-BF4B-00C04F79EFBC}") = "GlobalizationTool", "GlobalizationTool\GlobalizationTool.csproj", "{DC2E13E2-91B2-4BE4-950D-97F2226E2AD3}"
EndProject
Project("{FAE04EC0-301F-11D3-BF4B-00C04F79EFBC}") = "NotificationTool", "NotificationTool\NotificationTool.csproj", "{4E4B6A30-4155-4AA9-A639-B3D35D4D2FB3}"
EndProject
Project("{FAE04EC0-301F-11D3-BF4B-00C04F79EFBC}") = "FontTool", "FontTool\FontTool.csproj", "{3F41ABED-041C-4BAF-82BD-1145BB61C3EE}"
EndProject
Project("{FAE04EC0-301F-11D3-BF4B-00C04F79EFBC}") = "AzureEventHubClientTool", "AzureEventHubClientTool\AzureEventHubClientTool.csproj", "{D4C55038-9BB0-4290-8543-702A75D62558}"
EndProject
Project("{C7167F0D-BC9F-4E6E-AFE1-012C56B48DB5}") = "WapProject", "WapProject\WapProject.wapproj", "{F9FB08C2-2802-4276-96C6-D9FCC85D3E20}"
EndProject
Project("{FAE04EC0-301F-11D3-BF4B-00C04F79EFBC}") = "Launcher", "Launcher\Launcher.csproj", "{6353C13D-B63C-4062-AC81-8D70392D30CF}"
EndProject
Project("{8BC9CEB8-8B4A-11D0-8D11-00A0C91BC942}") = "Native", "Native\Native.vcxproj", "{DF92B282-4505-484B-9BD9-A9E125CA607D}"
EndProject
Global
	GlobalSection(SolutionConfigurationPlatforms) = preSolution
		Debug|Any CPU = Debug|Any CPU
		Debug|ARM = Debug|ARM
		Debug|ARM64 = Debug|ARM64
		Debug|x64 = Debug|x64
		Debug|x86 = Debug|x86
		Release|Any CPU = Release|Any CPU
		Release|ARM = Release|ARM
		Release|ARM64 = Release|ARM64
		Release|x64 = Release|x64
		Release|x86 = Release|x86
	EndGlobalSection
	GlobalSection(ProjectConfigurationPlatforms) = postSolution
		{1A80778F-B6B5-442E-9E1B-C6216A24F8C0}.Debug|Any CPU.ActiveCfg = Debug|Any CPU
		{1A80778F-B6B5-442E-9E1B-C6216A24F8C0}.Debug|Any CPU.Build.0 = Debug|Any CPU
		{1A80778F-B6B5-442E-9E1B-C6216A24F8C0}.Debug|ARM.ActiveCfg = Debug|Any CPU
		{1A80778F-B6B5-442E-9E1B-C6216A24F8C0}.Debug|ARM.Build.0 = Debug|Any CPU
		{1A80778F-B6B5-442E-9E1B-C6216A24F8C0}.Debug|ARM64.ActiveCfg = Debug|Any CPU
		{1A80778F-B6B5-442E-9E1B-C6216A24F8C0}.Debug|ARM64.Build.0 = Debug|Any CPU
		{1A80778F-B6B5-442E-9E1B-C6216A24F8C0}.Debug|x64.ActiveCfg = Debug|Any CPU
		{1A80778F-B6B5-442E-9E1B-C6216A24F8C0}.Debug|x64.Build.0 = Debug|Any CPU
		{1A80778F-B6B5-442E-9E1B-C6216A24F8C0}.Debug|x86.ActiveCfg = Debug|Any CPU
		{1A80778F-B6B5-442E-9E1B-C6216A24F8C0}.Debug|x86.Build.0 = Debug|Any CPU
		{1A80778F-B6B5-442E-9E1B-C6216A24F8C0}.Release|Any CPU.ActiveCfg = Release|Any CPU
		{1A80778F-B6B5-442E-9E1B-C6216A24F8C0}.Release|Any CPU.Build.0 = Release|Any CPU
		{1A80778F-B6B5-442E-9E1B-C6216A24F8C0}.Release|ARM.ActiveCfg = Release|Any CPU
		{1A80778F-B6B5-442E-9E1B-C6216A24F8C0}.Release|ARM.Build.0 = Release|Any CPU
		{1A80778F-B6B5-442E-9E1B-C6216A24F8C0}.Release|ARM64.ActiveCfg = Release|Any CPU
		{1A80778F-B6B5-442E-9E1B-C6216A24F8C0}.Release|ARM64.Build.0 = Release|Any CPU
		{1A80778F-B6B5-442E-9E1B-C6216A24F8C0}.Release|x64.ActiveCfg = Release|Any CPU
		{1A80778F-B6B5-442E-9E1B-C6216A24F8C0}.Release|x64.Build.0 = Release|Any CPU
		{1A80778F-B6B5-442E-9E1B-C6216A24F8C0}.Release|x86.ActiveCfg = Release|Any CPU
		{1A80778F-B6B5-442E-9E1B-C6216A24F8C0}.Release|x86.Build.0 = Release|Any CPU
		{3455D706-1959-442A-A53F-0B4479D94F16}.Debug|Any CPU.ActiveCfg = Debug|Any CPU
		{3455D706-1959-442A-A53F-0B4479D94F16}.Debug|Any CPU.Build.0 = Debug|Any CPU
		{3455D706-1959-442A-A53F-0B4479D94F16}.Debug|ARM.ActiveCfg = Debug|Any CPU
		{3455D706-1959-442A-A53F-0B4479D94F16}.Debug|ARM.Build.0 = Debug|Any CPU
		{3455D706-1959-442A-A53F-0B4479D94F16}.Debug|ARM64.ActiveCfg = Debug|Any CPU
		{3455D706-1959-442A-A53F-0B4479D94F16}.Debug|ARM64.Build.0 = Debug|Any CPU
		{3455D706-1959-442A-A53F-0B4479D94F16}.Debug|x64.ActiveCfg = Debug|Any CPU
		{3455D706-1959-442A-A53F-0B4479D94F16}.Debug|x64.Build.0 = Debug|Any CPU
		{3455D706-1959-442A-A53F-0B4479D94F16}.Debug|x86.ActiveCfg = Debug|Any CPU
		{3455D706-1959-442A-A53F-0B4479D94F16}.Debug|x86.Build.0 = Debug|Any CPU
		{3455D706-1959-442A-A53F-0B4479D94F16}.Release|Any CPU.ActiveCfg = Release|Any CPU
		{3455D706-1959-442A-A53F-0B4479D94F16}.Release|Any CPU.Build.0 = Release|Any CPU
		{3455D706-1959-442A-A53F-0B4479D94F16}.Release|ARM.ActiveCfg = Release|Any CPU
		{3455D706-1959-442A-A53F-0B4479D94F16}.Release|ARM.Build.0 = Release|Any CPU
		{3455D706-1959-442A-A53F-0B4479D94F16}.Release|ARM64.ActiveCfg = Release|Any CPU
		{3455D706-1959-442A-A53F-0B4479D94F16}.Release|ARM64.Build.0 = Release|Any CPU
		{3455D706-1959-442A-A53F-0B4479D94F16}.Release|x64.ActiveCfg = Release|Any CPU
		{3455D706-1959-442A-A53F-0B4479D94F16}.Release|x64.Build.0 = Release|Any CPU
		{3455D706-1959-442A-A53F-0B4479D94F16}.Release|x86.ActiveCfg = Release|Any CPU
		{3455D706-1959-442A-A53F-0B4479D94F16}.Release|x86.Build.0 = Release|Any CPU
		{E1FEE78B-CBEC-4A3E-9252-581406417CE0}.Debug|Any CPU.ActiveCfg = Debug|Any CPU
		{E1FEE78B-CBEC-4A3E-9252-581406417CE0}.Debug|Any CPU.Build.0 = Debug|Any CPU
		{E1FEE78B-CBEC-4A3E-9252-581406417CE0}.Debug|ARM.ActiveCfg = Debug|Any CPU
		{E1FEE78B-CBEC-4A3E-9252-581406417CE0}.Debug|ARM.Build.0 = Debug|Any CPU
		{E1FEE78B-CBEC-4A3E-9252-581406417CE0}.Debug|ARM64.ActiveCfg = Debug|Any CPU
		{E1FEE78B-CBEC-4A3E-9252-581406417CE0}.Debug|ARM64.Build.0 = Debug|Any CPU
		{E1FEE78B-CBEC-4A3E-9252-581406417CE0}.Debug|x64.ActiveCfg = Debug|Any CPU
		{E1FEE78B-CBEC-4A3E-9252-581406417CE0}.Debug|x64.Build.0 = Debug|Any CPU
		{E1FEE78B-CBEC-4A3E-9252-581406417CE0}.Debug|x86.ActiveCfg = Debug|Any CPU
		{E1FEE78B-CBEC-4A3E-9252-581406417CE0}.Debug|x86.Build.0 = Debug|Any CPU
		{E1FEE78B-CBEC-4A3E-9252-581406417CE0}.Release|Any CPU.ActiveCfg = Release|Any CPU
		{E1FEE78B-CBEC-4A3E-9252-581406417CE0}.Release|Any CPU.Build.0 = Release|Any CPU
		{E1FEE78B-CBEC-4A3E-9252-581406417CE0}.Release|ARM.ActiveCfg = Release|Any CPU
		{E1FEE78B-CBEC-4A3E-9252-581406417CE0}.Release|ARM.Build.0 = Release|Any CPU
		{E1FEE78B-CBEC-4A3E-9252-581406417CE0}.Release|ARM64.ActiveCfg = Release|Any CPU
		{E1FEE78B-CBEC-4A3E-9252-581406417CE0}.Release|ARM64.Build.0 = Release|Any CPU
		{E1FEE78B-CBEC-4A3E-9252-581406417CE0}.Release|x64.ActiveCfg = Release|Any CPU
		{E1FEE78B-CBEC-4A3E-9252-581406417CE0}.Release|x64.Build.0 = Release|Any CPU
		{E1FEE78B-CBEC-4A3E-9252-581406417CE0}.Release|x86.ActiveCfg = Release|Any CPU
		{E1FEE78B-CBEC-4A3E-9252-581406417CE0}.Release|x86.Build.0 = Release|Any CPU
		{BF6B0BF8-9FC0-4701-A7CE-FA66EA86C95E}.Debug|Any CPU.ActiveCfg = Debug|Any CPU
		{BF6B0BF8-9FC0-4701-A7CE-FA66EA86C95E}.Debug|Any CPU.Build.0 = Debug|Any CPU
		{BF6B0BF8-9FC0-4701-A7CE-FA66EA86C95E}.Debug|ARM.ActiveCfg = Debug|Any CPU
		{BF6B0BF8-9FC0-4701-A7CE-FA66EA86C95E}.Debug|ARM.Build.0 = Debug|Any CPU
		{BF6B0BF8-9FC0-4701-A7CE-FA66EA86C95E}.Debug|ARM64.ActiveCfg = Debug|Any CPU
		{BF6B0BF8-9FC0-4701-A7CE-FA66EA86C95E}.Debug|ARM64.Build.0 = Debug|Any CPU
		{BF6B0BF8-9FC0-4701-A7CE-FA66EA86C95E}.Debug|x64.ActiveCfg = Debug|Any CPU
		{BF6B0BF8-9FC0-4701-A7CE-FA66EA86C95E}.Debug|x64.Build.0 = Debug|Any CPU
		{BF6B0BF8-9FC0-4701-A7CE-FA66EA86C95E}.Debug|x86.ActiveCfg = Debug|Any CPU
		{BF6B0BF8-9FC0-4701-A7CE-FA66EA86C95E}.Debug|x86.Build.0 = Debug|Any CPU
		{BF6B0BF8-9FC0-4701-A7CE-FA66EA86C95E}.Release|Any CPU.ActiveCfg = Release|Any CPU
		{BF6B0BF8-9FC0-4701-A7CE-FA66EA86C95E}.Release|Any CPU.Build.0 = Release|Any CPU
		{BF6B0BF8-9FC0-4701-A7CE-FA66EA86C95E}.Release|ARM.ActiveCfg = Release|Any CPU
		{BF6B0BF8-9FC0-4701-A7CE-FA66EA86C95E}.Release|ARM.Build.0 = Release|Any CPU
		{BF6B0BF8-9FC0-4701-A7CE-FA66EA86C95E}.Release|ARM64.ActiveCfg = Release|Any CPU
		{BF6B0BF8-9FC0-4701-A7CE-FA66EA86C95E}.Release|ARM64.Build.0 = Release|Any CPU
		{BF6B0BF8-9FC0-4701-A7CE-FA66EA86C95E}.Release|x64.ActiveCfg = Release|Any CPU
		{BF6B0BF8-9FC0-4701-A7CE-FA66EA86C95E}.Release|x64.Build.0 = Release|Any CPU
		{BF6B0BF8-9FC0-4701-A7CE-FA66EA86C95E}.Release|x86.ActiveCfg = Release|Any CPU
		{BF6B0BF8-9FC0-4701-A7CE-FA66EA86C95E}.Release|x86.Build.0 = Release|Any CPU
		{5E693A9D-F2FF-4740-A95B-CB08B5EF2C8B}.Debug|Any CPU.ActiveCfg = Debug|Any CPU
		{5E693A9D-F2FF-4740-A95B-CB08B5EF2C8B}.Debug|Any CPU.Build.0 = Debug|Any CPU
		{5E693A9D-F2FF-4740-A95B-CB08B5EF2C8B}.Debug|ARM.ActiveCfg = Debug|Any CPU
		{5E693A9D-F2FF-4740-A95B-CB08B5EF2C8B}.Debug|ARM.Build.0 = Debug|Any CPU
		{5E693A9D-F2FF-4740-A95B-CB08B5EF2C8B}.Debug|ARM64.ActiveCfg = Debug|Any CPU
		{5E693A9D-F2FF-4740-A95B-CB08B5EF2C8B}.Debug|ARM64.Build.0 = Debug|Any CPU
		{5E693A9D-F2FF-4740-A95B-CB08B5EF2C8B}.Debug|x64.ActiveCfg = Debug|Any CPU
		{5E693A9D-F2FF-4740-A95B-CB08B5EF2C8B}.Debug|x64.Build.0 = Debug|Any CPU
		{5E693A9D-F2FF-4740-A95B-CB08B5EF2C8B}.Debug|x86.ActiveCfg = Debug|Any CPU
		{5E693A9D-F2FF-4740-A95B-CB08B5EF2C8B}.Debug|x86.Build.0 = Debug|Any CPU
		{5E693A9D-F2FF-4740-A95B-CB08B5EF2C8B}.Release|Any CPU.ActiveCfg = Release|Any CPU
		{5E693A9D-F2FF-4740-A95B-CB08B5EF2C8B}.Release|Any CPU.Build.0 = Release|Any CPU
		{5E693A9D-F2FF-4740-A95B-CB08B5EF2C8B}.Release|ARM.ActiveCfg = Release|Any CPU
		{5E693A9D-F2FF-4740-A95B-CB08B5EF2C8B}.Release|ARM.Build.0 = Release|Any CPU
		{5E693A9D-F2FF-4740-A95B-CB08B5EF2C8B}.Release|ARM64.ActiveCfg = Release|Any CPU
		{5E693A9D-F2FF-4740-A95B-CB08B5EF2C8B}.Release|ARM64.Build.0 = Release|Any CPU
		{5E693A9D-F2FF-4740-A95B-CB08B5EF2C8B}.Release|x64.ActiveCfg = Release|Any CPU
		{5E693A9D-F2FF-4740-A95B-CB08B5EF2C8B}.Release|x64.Build.0 = Release|Any CPU
		{5E693A9D-F2FF-4740-A95B-CB08B5EF2C8B}.Release|x86.ActiveCfg = Release|Any CPU
		{5E693A9D-F2FF-4740-A95B-CB08B5EF2C8B}.Release|x86.Build.0 = Release|Any CPU
		{74FAAD3B-B66C-40BD-ACD3-C8BAEA47B8A4}.Debug|Any CPU.ActiveCfg = Debug|Any CPU
		{74FAAD3B-B66C-40BD-ACD3-C8BAEA47B8A4}.Debug|Any CPU.Build.0 = Debug|Any CPU
		{74FAAD3B-B66C-40BD-ACD3-C8BAEA47B8A4}.Debug|ARM.ActiveCfg = Debug|Any CPU
		{74FAAD3B-B66C-40BD-ACD3-C8BAEA47B8A4}.Debug|ARM.Build.0 = Debug|Any CPU
		{74FAAD3B-B66C-40BD-ACD3-C8BAEA47B8A4}.Debug|ARM64.ActiveCfg = Debug|Any CPU
		{74FAAD3B-B66C-40BD-ACD3-C8BAEA47B8A4}.Debug|ARM64.Build.0 = Debug|Any CPU
		{74FAAD3B-B66C-40BD-ACD3-C8BAEA47B8A4}.Debug|x64.ActiveCfg = Debug|Any CPU
		{74FAAD3B-B66C-40BD-ACD3-C8BAEA47B8A4}.Debug|x64.Build.0 = Debug|Any CPU
		{74FAAD3B-B66C-40BD-ACD3-C8BAEA47B8A4}.Debug|x86.ActiveCfg = Debug|Any CPU
		{74FAAD3B-B66C-40BD-ACD3-C8BAEA47B8A4}.Debug|x86.Build.0 = Debug|Any CPU
		{74FAAD3B-B66C-40BD-ACD3-C8BAEA47B8A4}.Release|Any CPU.ActiveCfg = Release|Any CPU
		{74FAAD3B-B66C-40BD-ACD3-C8BAEA47B8A4}.Release|Any CPU.Build.0 = Release|Any CPU
		{74FAAD3B-B66C-40BD-ACD3-C8BAEA47B8A4}.Release|ARM.ActiveCfg = Release|Any CPU
		{74FAAD3B-B66C-40BD-ACD3-C8BAEA47B8A4}.Release|ARM.Build.0 = Release|Any CPU
		{74FAAD3B-B66C-40BD-ACD3-C8BAEA47B8A4}.Release|ARM64.ActiveCfg = Release|Any CPU
		{74FAAD3B-B66C-40BD-ACD3-C8BAEA47B8A4}.Release|ARM64.Build.0 = Release|Any CPU
		{74FAAD3B-B66C-40BD-ACD3-C8BAEA47B8A4}.Release|x64.ActiveCfg = Release|Any CPU
		{74FAAD3B-B66C-40BD-ACD3-C8BAEA47B8A4}.Release|x64.Build.0 = Release|Any CPU
		{74FAAD3B-B66C-40BD-ACD3-C8BAEA47B8A4}.Release|x86.ActiveCfg = Release|Any CPU
		{74FAAD3B-B66C-40BD-ACD3-C8BAEA47B8A4}.Release|x86.Build.0 = Release|Any CPU
		{23B1ADCA-39FF-4FBF-B336-770FB124C9F8}.Debug|Any CPU.ActiveCfg = Debug|Any CPU
		{23B1ADCA-39FF-4FBF-B336-770FB124C9F8}.Debug|Any CPU.Build.0 = Debug|Any CPU
		{23B1ADCA-39FF-4FBF-B336-770FB124C9F8}.Debug|ARM.ActiveCfg = Debug|Any CPU
		{23B1ADCA-39FF-4FBF-B336-770FB124C9F8}.Debug|ARM.Build.0 = Debug|Any CPU
		{23B1ADCA-39FF-4FBF-B336-770FB124C9F8}.Debug|ARM64.ActiveCfg = Debug|Any CPU
		{23B1ADCA-39FF-4FBF-B336-770FB124C9F8}.Debug|ARM64.Build.0 = Debug|Any CPU
		{23B1ADCA-39FF-4FBF-B336-770FB124C9F8}.Debug|x64.ActiveCfg = Debug|Any CPU
		{23B1ADCA-39FF-4FBF-B336-770FB124C9F8}.Debug|x64.Build.0 = Debug|Any CPU
		{23B1ADCA-39FF-4FBF-B336-770FB124C9F8}.Debug|x86.ActiveCfg = Debug|Any CPU
		{23B1ADCA-39FF-4FBF-B336-770FB124C9F8}.Debug|x86.Build.0 = Debug|Any CPU
		{23B1ADCA-39FF-4FBF-B336-770FB124C9F8}.Release|Any CPU.ActiveCfg = Release|Any CPU
		{23B1ADCA-39FF-4FBF-B336-770FB124C9F8}.Release|Any CPU.Build.0 = Release|Any CPU
		{23B1ADCA-39FF-4FBF-B336-770FB124C9F8}.Release|ARM.ActiveCfg = Release|Any CPU
		{23B1ADCA-39FF-4FBF-B336-770FB124C9F8}.Release|ARM.Build.0 = Release|Any CPU
		{23B1ADCA-39FF-4FBF-B336-770FB124C9F8}.Release|ARM64.ActiveCfg = Release|Any CPU
		{23B1ADCA-39FF-4FBF-B336-770FB124C9F8}.Release|ARM64.Build.0 = Release|Any CPU
		{23B1ADCA-39FF-4FBF-B336-770FB124C9F8}.Release|x64.ActiveCfg = Release|Any CPU
		{23B1ADCA-39FF-4FBF-B336-770FB124C9F8}.Release|x64.Build.0 = Release|Any CPU
		{23B1ADCA-39FF-4FBF-B336-770FB124C9F8}.Release|x86.ActiveCfg = Release|Any CPU
		{23B1ADCA-39FF-4FBF-B336-770FB124C9F8}.Release|x86.Build.0 = Release|Any CPU
		{4846204E-E40A-4ABE-AB71-8CFED0CB1567}.Debug|Any CPU.ActiveCfg = Debug|Any CPU
		{4846204E-E40A-4ABE-AB71-8CFED0CB1567}.Debug|Any CPU.Build.0 = Debug|Any CPU
		{4846204E-E40A-4ABE-AB71-8CFED0CB1567}.Debug|ARM.ActiveCfg = Debug|Any CPU
		{4846204E-E40A-4ABE-AB71-8CFED0CB1567}.Debug|ARM.Build.0 = Debug|Any CPU
		{4846204E-E40A-4ABE-AB71-8CFED0CB1567}.Debug|ARM64.ActiveCfg = Debug|Any CPU
		{4846204E-E40A-4ABE-AB71-8CFED0CB1567}.Debug|ARM64.Build.0 = Debug|Any CPU
		{4846204E-E40A-4ABE-AB71-8CFED0CB1567}.Debug|x64.ActiveCfg = Debug|Any CPU
		{4846204E-E40A-4ABE-AB71-8CFED0CB1567}.Debug|x64.Build.0 = Debug|Any CPU
		{4846204E-E40A-4ABE-AB71-8CFED0CB1567}.Debug|x86.ActiveCfg = Debug|Any CPU
		{4846204E-E40A-4ABE-AB71-8CFED0CB1567}.Debug|x86.Build.0 = Debug|Any CPU
		{4846204E-E40A-4ABE-AB71-8CFED0CB1567}.Release|Any CPU.ActiveCfg = Release|Any CPU
		{4846204E-E40A-4ABE-AB71-8CFED0CB1567}.Release|Any CPU.Build.0 = Release|Any CPU
		{4846204E-E40A-4ABE-AB71-8CFED0CB1567}.Release|ARM.ActiveCfg = Release|Any CPU
		{4846204E-E40A-4ABE-AB71-8CFED0CB1567}.Release|ARM.Build.0 = Release|Any CPU
		{4846204E-E40A-4ABE-AB71-8CFED0CB1567}.Release|ARM64.ActiveCfg = Release|Any CPU
		{4846204E-E40A-4ABE-AB71-8CFED0CB1567}.Release|ARM64.Build.0 = Release|Any CPU
		{4846204E-E40A-4ABE-AB71-8CFED0CB1567}.Release|x64.ActiveCfg = Release|Any CPU
		{4846204E-E40A-4ABE-AB71-8CFED0CB1567}.Release|x64.Build.0 = Release|Any CPU
		{4846204E-E40A-4ABE-AB71-8CFED0CB1567}.Release|x86.ActiveCfg = Release|Any CPU
		{4846204E-E40A-4ABE-AB71-8CFED0CB1567}.Release|x86.Build.0 = Release|Any CPU
		{5D3B68EB-0764-49D9-A5D4-1216AEDEFEAA}.Debug|Any CPU.ActiveCfg = Debug|Any CPU
		{5D3B68EB-0764-49D9-A5D4-1216AEDEFEAA}.Debug|Any CPU.Build.0 = Debug|Any CPU
		{5D3B68EB-0764-49D9-A5D4-1216AEDEFEAA}.Debug|ARM.ActiveCfg = Debug|Any CPU
		{5D3B68EB-0764-49D9-A5D4-1216AEDEFEAA}.Debug|ARM.Build.0 = Debug|Any CPU
		{5D3B68EB-0764-49D9-A5D4-1216AEDEFEAA}.Debug|ARM64.ActiveCfg = Debug|Any CPU
		{5D3B68EB-0764-49D9-A5D4-1216AEDEFEAA}.Debug|ARM64.Build.0 = Debug|Any CPU
		{5D3B68EB-0764-49D9-A5D4-1216AEDEFEAA}.Debug|x64.ActiveCfg = Debug|Any CPU
		{5D3B68EB-0764-49D9-A5D4-1216AEDEFEAA}.Debug|x64.Build.0 = Debug|Any CPU
		{5D3B68EB-0764-49D9-A5D4-1216AEDEFEAA}.Debug|x86.ActiveCfg = Debug|Any CPU
		{5D3B68EB-0764-49D9-A5D4-1216AEDEFEAA}.Debug|x86.Build.0 = Debug|Any CPU
		{5D3B68EB-0764-49D9-A5D4-1216AEDEFEAA}.Release|Any CPU.ActiveCfg = Release|Any CPU
		{5D3B68EB-0764-49D9-A5D4-1216AEDEFEAA}.Release|Any CPU.Build.0 = Release|Any CPU
		{5D3B68EB-0764-49D9-A5D4-1216AEDEFEAA}.Release|ARM.ActiveCfg = Release|Any CPU
		{5D3B68EB-0764-49D9-A5D4-1216AEDEFEAA}.Release|ARM.Build.0 = Release|Any CPU
		{5D3B68EB-0764-49D9-A5D4-1216AEDEFEAA}.Release|ARM64.ActiveCfg = Release|Any CPU
		{5D3B68EB-0764-49D9-A5D4-1216AEDEFEAA}.Release|ARM64.Build.0 = Release|Any CPU
		{5D3B68EB-0764-49D9-A5D4-1216AEDEFEAA}.Release|x64.ActiveCfg = Release|Any CPU
		{5D3B68EB-0764-49D9-A5D4-1216AEDEFEAA}.Release|x64.Build.0 = Release|Any CPU
		{5D3B68EB-0764-49D9-A5D4-1216AEDEFEAA}.Release|x86.ActiveCfg = Release|Any CPU
		{5D3B68EB-0764-49D9-A5D4-1216AEDEFEAA}.Release|x86.Build.0 = Release|Any CPU
		{F0D291A0-D1C7-4148-BF1A-407396510C06}.Debug|Any CPU.ActiveCfg = Debug|Any CPU
		{F0D291A0-D1C7-4148-BF1A-407396510C06}.Debug|Any CPU.Build.0 = Debug|Any CPU
		{F0D291A0-D1C7-4148-BF1A-407396510C06}.Debug|ARM.ActiveCfg = Debug|Any CPU
		{F0D291A0-D1C7-4148-BF1A-407396510C06}.Debug|ARM.Build.0 = Debug|Any CPU
		{F0D291A0-D1C7-4148-BF1A-407396510C06}.Debug|ARM64.ActiveCfg = Debug|Any CPU
		{F0D291A0-D1C7-4148-BF1A-407396510C06}.Debug|ARM64.Build.0 = Debug|Any CPU
		{F0D291A0-D1C7-4148-BF1A-407396510C06}.Debug|x64.ActiveCfg = Debug|Any CPU
		{F0D291A0-D1C7-4148-BF1A-407396510C06}.Debug|x64.Build.0 = Debug|Any CPU
		{F0D291A0-D1C7-4148-BF1A-407396510C06}.Debug|x86.ActiveCfg = Debug|Any CPU
		{F0D291A0-D1C7-4148-BF1A-407396510C06}.Debug|x86.Build.0 = Debug|Any CPU
		{F0D291A0-D1C7-4148-BF1A-407396510C06}.Release|Any CPU.ActiveCfg = Release|Any CPU
		{F0D291A0-D1C7-4148-BF1A-407396510C06}.Release|Any CPU.Build.0 = Release|Any CPU
		{F0D291A0-D1C7-4148-BF1A-407396510C06}.Release|ARM.ActiveCfg = Release|Any CPU
		{F0D291A0-D1C7-4148-BF1A-407396510C06}.Release|ARM.Build.0 = Release|Any CPU
		{F0D291A0-D1C7-4148-BF1A-407396510C06}.Release|ARM64.ActiveCfg = Release|Any CPU
		{F0D291A0-D1C7-4148-BF1A-407396510C06}.Release|ARM64.Build.0 = Release|Any CPU
		{F0D291A0-D1C7-4148-BF1A-407396510C06}.Release|x64.ActiveCfg = Release|Any CPU
		{F0D291A0-D1C7-4148-BF1A-407396510C06}.Release|x64.Build.0 = Release|Any CPU
		{F0D291A0-D1C7-4148-BF1A-407396510C06}.Release|x86.ActiveCfg = Release|Any CPU
		{F0D291A0-D1C7-4148-BF1A-407396510C06}.Release|x86.Build.0 = Release|Any CPU
		{0AA07A12-6361-4BD7-9A24-87690A3AEACE}.Debug|Any CPU.ActiveCfg = Debug|Any CPU
		{0AA07A12-6361-4BD7-9A24-87690A3AEACE}.Debug|Any CPU.Build.0 = Debug|Any CPU
		{0AA07A12-6361-4BD7-9A24-87690A3AEACE}.Debug|ARM.ActiveCfg = Debug|Any CPU
		{0AA07A12-6361-4BD7-9A24-87690A3AEACE}.Debug|ARM.Build.0 = Debug|Any CPU
		{0AA07A12-6361-4BD7-9A24-87690A3AEACE}.Debug|ARM64.ActiveCfg = Debug|Any CPU
		{0AA07A12-6361-4BD7-9A24-87690A3AEACE}.Debug|ARM64.Build.0 = Debug|Any CPU
		{0AA07A12-6361-4BD7-9A24-87690A3AEACE}.Debug|x64.ActiveCfg = Debug|Any CPU
		{0AA07A12-6361-4BD7-9A24-87690A3AEACE}.Debug|x64.Build.0 = Debug|Any CPU
		{0AA07A12-6361-4BD7-9A24-87690A3AEACE}.Debug|x86.ActiveCfg = Debug|Any CPU
		{0AA07A12-6361-4BD7-9A24-87690A3AEACE}.Debug|x86.Build.0 = Debug|Any CPU
		{0AA07A12-6361-4BD7-9A24-87690A3AEACE}.Release|Any CPU.ActiveCfg = Release|Any CPU
		{0AA07A12-6361-4BD7-9A24-87690A3AEACE}.Release|Any CPU.Build.0 = Release|Any CPU
		{0AA07A12-6361-4BD7-9A24-87690A3AEACE}.Release|ARM.ActiveCfg = Release|Any CPU
		{0AA07A12-6361-4BD7-9A24-87690A3AEACE}.Release|ARM.Build.0 = Release|Any CPU
		{0AA07A12-6361-4BD7-9A24-87690A3AEACE}.Release|ARM64.ActiveCfg = Release|Any CPU
		{0AA07A12-6361-4BD7-9A24-87690A3AEACE}.Release|ARM64.Build.0 = Release|Any CPU
		{0AA07A12-6361-4BD7-9A24-87690A3AEACE}.Release|x64.ActiveCfg = Release|Any CPU
		{0AA07A12-6361-4BD7-9A24-87690A3AEACE}.Release|x64.Build.0 = Release|Any CPU
		{0AA07A12-6361-4BD7-9A24-87690A3AEACE}.Release|x86.ActiveCfg = Release|Any CPU
		{0AA07A12-6361-4BD7-9A24-87690A3AEACE}.Release|x86.Build.0 = Release|Any CPU
		{93C2A8EA-73D2-43C4-BED7-362C650C709A}.Debug|Any CPU.ActiveCfg = Debug|Any CPU
		{93C2A8EA-73D2-43C4-BED7-362C650C709A}.Debug|Any CPU.Build.0 = Debug|Any CPU
		{93C2A8EA-73D2-43C4-BED7-362C650C709A}.Debug|ARM.ActiveCfg = Debug|Any CPU
		{93C2A8EA-73D2-43C4-BED7-362C650C709A}.Debug|ARM.Build.0 = Debug|Any CPU
		{93C2A8EA-73D2-43C4-BED7-362C650C709A}.Debug|ARM64.ActiveCfg = Debug|Any CPU
		{93C2A8EA-73D2-43C4-BED7-362C650C709A}.Debug|ARM64.Build.0 = Debug|Any CPU
		{93C2A8EA-73D2-43C4-BED7-362C650C709A}.Debug|x64.ActiveCfg = Debug|Any CPU
		{93C2A8EA-73D2-43C4-BED7-362C650C709A}.Debug|x64.Build.0 = Debug|Any CPU
		{93C2A8EA-73D2-43C4-BED7-362C650C709A}.Debug|x86.ActiveCfg = Debug|Any CPU
		{93C2A8EA-73D2-43C4-BED7-362C650C709A}.Debug|x86.Build.0 = Debug|Any CPU
		{93C2A8EA-73D2-43C4-BED7-362C650C709A}.Release|Any CPU.ActiveCfg = Release|Any CPU
		{93C2A8EA-73D2-43C4-BED7-362C650C709A}.Release|Any CPU.Build.0 = Release|Any CPU
		{93C2A8EA-73D2-43C4-BED7-362C650C709A}.Release|ARM.ActiveCfg = Release|Any CPU
		{93C2A8EA-73D2-43C4-BED7-362C650C709A}.Release|ARM.Build.0 = Release|Any CPU
		{93C2A8EA-73D2-43C4-BED7-362C650C709A}.Release|ARM64.ActiveCfg = Release|Any CPU
		{93C2A8EA-73D2-43C4-BED7-362C650C709A}.Release|ARM64.Build.0 = Release|Any CPU
		{93C2A8EA-73D2-43C4-BED7-362C650C709A}.Release|x64.ActiveCfg = Release|Any CPU
		{93C2A8EA-73D2-43C4-BED7-362C650C709A}.Release|x64.Build.0 = Release|Any CPU
		{93C2A8EA-73D2-43C4-BED7-362C650C709A}.Release|x86.ActiveCfg = Release|Any CPU
		{93C2A8EA-73D2-43C4-BED7-362C650C709A}.Release|x86.Build.0 = Release|Any CPU
		{3BFFB6BF-138D-4809-AA3B-F67B5FDC57C4}.Debug|Any CPU.ActiveCfg = Debug|Any CPU
		{3BFFB6BF-138D-4809-AA3B-F67B5FDC57C4}.Debug|Any CPU.Build.0 = Debug|Any CPU
		{3BFFB6BF-138D-4809-AA3B-F67B5FDC57C4}.Debug|ARM.ActiveCfg = Debug|Any CPU
		{3BFFB6BF-138D-4809-AA3B-F67B5FDC57C4}.Debug|ARM.Build.0 = Debug|Any CPU
		{3BFFB6BF-138D-4809-AA3B-F67B5FDC57C4}.Debug|ARM64.ActiveCfg = Debug|Any CPU
		{3BFFB6BF-138D-4809-AA3B-F67B5FDC57C4}.Debug|ARM64.Build.0 = Debug|Any CPU
		{3BFFB6BF-138D-4809-AA3B-F67B5FDC57C4}.Debug|x64.ActiveCfg = Debug|Any CPU
		{3BFFB6BF-138D-4809-AA3B-F67B5FDC57C4}.Debug|x64.Build.0 = Debug|Any CPU
		{3BFFB6BF-138D-4809-AA3B-F67B5FDC57C4}.Debug|x86.ActiveCfg = Debug|Any CPU
		{3BFFB6BF-138D-4809-AA3B-F67B5FDC57C4}.Debug|x86.Build.0 = Debug|Any CPU
		{3BFFB6BF-138D-4809-AA3B-F67B5FDC57C4}.Release|Any CPU.ActiveCfg = Release|Any CPU
		{3BFFB6BF-138D-4809-AA3B-F67B5FDC57C4}.Release|Any CPU.Build.0 = Release|Any CPU
		{3BFFB6BF-138D-4809-AA3B-F67B5FDC57C4}.Release|ARM.ActiveCfg = Release|Any CPU
		{3BFFB6BF-138D-4809-AA3B-F67B5FDC57C4}.Release|ARM.Build.0 = Release|Any CPU
		{3BFFB6BF-138D-4809-AA3B-F67B5FDC57C4}.Release|ARM64.ActiveCfg = Release|Any CPU
		{3BFFB6BF-138D-4809-AA3B-F67B5FDC57C4}.Release|ARM64.Build.0 = Release|Any CPU
		{3BFFB6BF-138D-4809-AA3B-F67B5FDC57C4}.Release|x64.ActiveCfg = Release|Any CPU
		{3BFFB6BF-138D-4809-AA3B-F67B5FDC57C4}.Release|x64.Build.0 = Release|Any CPU
		{3BFFB6BF-138D-4809-AA3B-F67B5FDC57C4}.Release|x86.ActiveCfg = Release|Any CPU
		{3BFFB6BF-138D-4809-AA3B-F67B5FDC57C4}.Release|x86.Build.0 = Release|Any CPU
		{17F0F4CB-9A50-46C9-BB6D-4732DE14F236}.Debug|Any CPU.ActiveCfg = Debug|Any CPU
		{17F0F4CB-9A50-46C9-BB6D-4732DE14F236}.Debug|Any CPU.Build.0 = Debug|Any CPU
		{17F0F4CB-9A50-46C9-BB6D-4732DE14F236}.Debug|ARM.ActiveCfg = Debug|Any CPU
		{17F0F4CB-9A50-46C9-BB6D-4732DE14F236}.Debug|ARM.Build.0 = Debug|Any CPU
		{17F0F4CB-9A50-46C9-BB6D-4732DE14F236}.Debug|ARM64.ActiveCfg = Debug|Any CPU
		{17F0F4CB-9A50-46C9-BB6D-4732DE14F236}.Debug|ARM64.Build.0 = Debug|Any CPU
		{17F0F4CB-9A50-46C9-BB6D-4732DE14F236}.Debug|x64.ActiveCfg = Debug|Any CPU
		{17F0F4CB-9A50-46C9-BB6D-4732DE14F236}.Debug|x64.Build.0 = Debug|Any CPU
		{17F0F4CB-9A50-46C9-BB6D-4732DE14F236}.Debug|x86.ActiveCfg = Debug|Any CPU
		{17F0F4CB-9A50-46C9-BB6D-4732DE14F236}.Debug|x86.Build.0 = Debug|Any CPU
		{17F0F4CB-9A50-46C9-BB6D-4732DE14F236}.Release|Any CPU.ActiveCfg = Release|Any CPU
		{17F0F4CB-9A50-46C9-BB6D-4732DE14F236}.Release|Any CPU.Build.0 = Release|Any CPU
		{17F0F4CB-9A50-46C9-BB6D-4732DE14F236}.Release|ARM.ActiveCfg = Release|Any CPU
		{17F0F4CB-9A50-46C9-BB6D-4732DE14F236}.Release|ARM.Build.0 = Release|Any CPU
		{17F0F4CB-9A50-46C9-BB6D-4732DE14F236}.Release|ARM64.ActiveCfg = Release|Any CPU
		{17F0F4CB-9A50-46C9-BB6D-4732DE14F236}.Release|ARM64.Build.0 = Release|Any CPU
		{17F0F4CB-9A50-46C9-BB6D-4732DE14F236}.Release|x64.ActiveCfg = Release|Any CPU
		{17F0F4CB-9A50-46C9-BB6D-4732DE14F236}.Release|x64.Build.0 = Release|Any CPU
		{17F0F4CB-9A50-46C9-BB6D-4732DE14F236}.Release|x86.ActiveCfg = Release|Any CPU
		{17F0F4CB-9A50-46C9-BB6D-4732DE14F236}.Release|x86.Build.0 = Release|Any CPU
		{7A252C0A-6704-4237-B4F4-9C75CD5FEFBD}.Debug|Any CPU.ActiveCfg = Debug|Any CPU
		{7A252C0A-6704-4237-B4F4-9C75CD5FEFBD}.Debug|Any CPU.Build.0 = Debug|Any CPU
		{7A252C0A-6704-4237-B4F4-9C75CD5FEFBD}.Debug|ARM.ActiveCfg = Debug|Any CPU
		{7A252C0A-6704-4237-B4F4-9C75CD5FEFBD}.Debug|ARM.Build.0 = Debug|Any CPU
		{7A252C0A-6704-4237-B4F4-9C75CD5FEFBD}.Debug|ARM64.ActiveCfg = Debug|Any CPU
		{7A252C0A-6704-4237-B4F4-9C75CD5FEFBD}.Debug|ARM64.Build.0 = Debug|Any CPU
		{7A252C0A-6704-4237-B4F4-9C75CD5FEFBD}.Debug|x64.ActiveCfg = Debug|Any CPU
		{7A252C0A-6704-4237-B4F4-9C75CD5FEFBD}.Debug|x64.Build.0 = Debug|Any CPU
		{7A252C0A-6704-4237-B4F4-9C75CD5FEFBD}.Debug|x86.ActiveCfg = Debug|Any CPU
		{7A252C0A-6704-4237-B4F4-9C75CD5FEFBD}.Debug|x86.Build.0 = Debug|Any CPU
		{7A252C0A-6704-4237-B4F4-9C75CD5FEFBD}.Release|Any CPU.ActiveCfg = Release|Any CPU
		{7A252C0A-6704-4237-B4F4-9C75CD5FEFBD}.Release|Any CPU.Build.0 = Release|Any CPU
		{7A252C0A-6704-4237-B4F4-9C75CD5FEFBD}.Release|ARM.ActiveCfg = Release|Any CPU
		{7A252C0A-6704-4237-B4F4-9C75CD5FEFBD}.Release|ARM.Build.0 = Release|Any CPU
		{7A252C0A-6704-4237-B4F4-9C75CD5FEFBD}.Release|ARM64.ActiveCfg = Release|Any CPU
		{7A252C0A-6704-4237-B4F4-9C75CD5FEFBD}.Release|ARM64.Build.0 = Release|Any CPU
		{7A252C0A-6704-4237-B4F4-9C75CD5FEFBD}.Release|x64.ActiveCfg = Release|Any CPU
		{7A252C0A-6704-4237-B4F4-9C75CD5FEFBD}.Release|x64.Build.0 = Release|Any CPU
		{7A252C0A-6704-4237-B4F4-9C75CD5FEFBD}.Release|x86.ActiveCfg = Release|Any CPU
		{7A252C0A-6704-4237-B4F4-9C75CD5FEFBD}.Release|x86.Build.0 = Release|Any CPU
		{0BB9835B-6ED0-499F-8370-D219668BC127}.Debug|Any CPU.ActiveCfg = Debug|Any CPU
		{0BB9835B-6ED0-499F-8370-D219668BC127}.Debug|Any CPU.Build.0 = Debug|Any CPU
		{0BB9835B-6ED0-499F-8370-D219668BC127}.Debug|ARM.ActiveCfg = Debug|Any CPU
		{0BB9835B-6ED0-499F-8370-D219668BC127}.Debug|ARM.Build.0 = Debug|Any CPU
		{0BB9835B-6ED0-499F-8370-D219668BC127}.Debug|ARM64.ActiveCfg = Debug|Any CPU
		{0BB9835B-6ED0-499F-8370-D219668BC127}.Debug|ARM64.Build.0 = Debug|Any CPU
		{0BB9835B-6ED0-499F-8370-D219668BC127}.Debug|x64.ActiveCfg = Debug|Any CPU
		{0BB9835B-6ED0-499F-8370-D219668BC127}.Debug|x64.Build.0 = Debug|Any CPU
		{0BB9835B-6ED0-499F-8370-D219668BC127}.Debug|x86.ActiveCfg = Debug|Any CPU
		{0BB9835B-6ED0-499F-8370-D219668BC127}.Debug|x86.Build.0 = Debug|Any CPU
		{0BB9835B-6ED0-499F-8370-D219668BC127}.Release|Any CPU.ActiveCfg = Release|Any CPU
		{0BB9835B-6ED0-499F-8370-D219668BC127}.Release|Any CPU.Build.0 = Release|Any CPU
		{0BB9835B-6ED0-499F-8370-D219668BC127}.Release|ARM.ActiveCfg = Release|Any CPU
		{0BB9835B-6ED0-499F-8370-D219668BC127}.Release|ARM.Build.0 = Release|Any CPU
		{0BB9835B-6ED0-499F-8370-D219668BC127}.Release|ARM64.ActiveCfg = Release|Any CPU
		{0BB9835B-6ED0-499F-8370-D219668BC127}.Release|ARM64.Build.0 = Release|Any CPU
		{0BB9835B-6ED0-499F-8370-D219668BC127}.Release|x64.ActiveCfg = Release|Any CPU
		{0BB9835B-6ED0-499F-8370-D219668BC127}.Release|x64.Build.0 = Release|Any CPU
		{0BB9835B-6ED0-499F-8370-D219668BC127}.Release|x86.ActiveCfg = Release|Any CPU
		{0BB9835B-6ED0-499F-8370-D219668BC127}.Release|x86.Build.0 = Release|Any CPU
		{51FA2B68-BB76-4CD2-A9F7-BAFF68B2E059}.Debug|Any CPU.ActiveCfg = Debug|Any CPU
		{51FA2B68-BB76-4CD2-A9F7-BAFF68B2E059}.Debug|Any CPU.Build.0 = Debug|Any CPU
		{51FA2B68-BB76-4CD2-A9F7-BAFF68B2E059}.Debug|ARM.ActiveCfg = Debug|Any CPU
		{51FA2B68-BB76-4CD2-A9F7-BAFF68B2E059}.Debug|ARM.Build.0 = Debug|Any CPU
		{51FA2B68-BB76-4CD2-A9F7-BAFF68B2E059}.Debug|ARM64.ActiveCfg = Debug|Any CPU
		{51FA2B68-BB76-4CD2-A9F7-BAFF68B2E059}.Debug|ARM64.Build.0 = Debug|Any CPU
		{51FA2B68-BB76-4CD2-A9F7-BAFF68B2E059}.Debug|x64.ActiveCfg = Debug|Any CPU
		{51FA2B68-BB76-4CD2-A9F7-BAFF68B2E059}.Debug|x64.Build.0 = Debug|Any CPU
		{51FA2B68-BB76-4CD2-A9F7-BAFF68B2E059}.Debug|x86.ActiveCfg = Debug|Any CPU
		{51FA2B68-BB76-4CD2-A9F7-BAFF68B2E059}.Debug|x86.Build.0 = Debug|Any CPU
		{51FA2B68-BB76-4CD2-A9F7-BAFF68B2E059}.Release|Any CPU.ActiveCfg = Release|Any CPU
		{51FA2B68-BB76-4CD2-A9F7-BAFF68B2E059}.Release|Any CPU.Build.0 = Release|Any CPU
		{51FA2B68-BB76-4CD2-A9F7-BAFF68B2E059}.Release|ARM.ActiveCfg = Release|Any CPU
		{51FA2B68-BB76-4CD2-A9F7-BAFF68B2E059}.Release|ARM.Build.0 = Release|Any CPU
		{51FA2B68-BB76-4CD2-A9F7-BAFF68B2E059}.Release|ARM64.ActiveCfg = Release|Any CPU
		{51FA2B68-BB76-4CD2-A9F7-BAFF68B2E059}.Release|ARM64.Build.0 = Release|Any CPU
		{51FA2B68-BB76-4CD2-A9F7-BAFF68B2E059}.Release|x64.ActiveCfg = Release|Any CPU
		{51FA2B68-BB76-4CD2-A9F7-BAFF68B2E059}.Release|x64.Build.0 = Release|Any CPU
		{51FA2B68-BB76-4CD2-A9F7-BAFF68B2E059}.Release|x86.ActiveCfg = Release|Any CPU
		{51FA2B68-BB76-4CD2-A9F7-BAFF68B2E059}.Release|x86.Build.0 = Release|Any CPU
		{1667A1D7-8F66-462C-99A3-AC86BA04D362}.Debug|Any CPU.ActiveCfg = Debug|Any CPU
		{1667A1D7-8F66-462C-99A3-AC86BA04D362}.Debug|Any CPU.Build.0 = Debug|Any CPU
		{1667A1D7-8F66-462C-99A3-AC86BA04D362}.Debug|ARM.ActiveCfg = Debug|Any CPU
		{1667A1D7-8F66-462C-99A3-AC86BA04D362}.Debug|ARM.Build.0 = Debug|Any CPU
		{1667A1D7-8F66-462C-99A3-AC86BA04D362}.Debug|ARM64.ActiveCfg = Debug|Any CPU
		{1667A1D7-8F66-462C-99A3-AC86BA04D362}.Debug|ARM64.Build.0 = Debug|Any CPU
		{1667A1D7-8F66-462C-99A3-AC86BA04D362}.Debug|x64.ActiveCfg = Debug|Any CPU
		{1667A1D7-8F66-462C-99A3-AC86BA04D362}.Debug|x64.Build.0 = Debug|Any CPU
		{1667A1D7-8F66-462C-99A3-AC86BA04D362}.Debug|x86.ActiveCfg = Debug|Any CPU
		{1667A1D7-8F66-462C-99A3-AC86BA04D362}.Debug|x86.Build.0 = Debug|Any CPU
		{1667A1D7-8F66-462C-99A3-AC86BA04D362}.Release|Any CPU.ActiveCfg = Release|Any CPU
		{1667A1D7-8F66-462C-99A3-AC86BA04D362}.Release|Any CPU.Build.0 = Release|Any CPU
		{1667A1D7-8F66-462C-99A3-AC86BA04D362}.Release|ARM.ActiveCfg = Release|Any CPU
		{1667A1D7-8F66-462C-99A3-AC86BA04D362}.Release|ARM.Build.0 = Release|Any CPU
		{1667A1D7-8F66-462C-99A3-AC86BA04D362}.Release|ARM64.ActiveCfg = Release|Any CPU
		{1667A1D7-8F66-462C-99A3-AC86BA04D362}.Release|ARM64.Build.0 = Release|Any CPU
		{1667A1D7-8F66-462C-99A3-AC86BA04D362}.Release|x64.ActiveCfg = Release|Any CPU
		{1667A1D7-8F66-462C-99A3-AC86BA04D362}.Release|x64.Build.0 = Release|Any CPU
		{1667A1D7-8F66-462C-99A3-AC86BA04D362}.Release|x86.ActiveCfg = Release|Any CPU
		{1667A1D7-8F66-462C-99A3-AC86BA04D362}.Release|x86.Build.0 = Release|Any CPU
		{344D1F03-CA1D-4F20-BA62-3B06A55C12B5}.Debug|Any CPU.ActiveCfg = Debug|Any CPU
		{344D1F03-CA1D-4F20-BA62-3B06A55C12B5}.Debug|Any CPU.Build.0 = Debug|Any CPU
		{344D1F03-CA1D-4F20-BA62-3B06A55C12B5}.Debug|ARM.ActiveCfg = Debug|Any CPU
		{344D1F03-CA1D-4F20-BA62-3B06A55C12B5}.Debug|ARM.Build.0 = Debug|Any CPU
		{344D1F03-CA1D-4F20-BA62-3B06A55C12B5}.Debug|ARM64.ActiveCfg = Debug|Any CPU
		{344D1F03-CA1D-4F20-BA62-3B06A55C12B5}.Debug|ARM64.Build.0 = Debug|Any CPU
		{344D1F03-CA1D-4F20-BA62-3B06A55C12B5}.Debug|x64.ActiveCfg = Debug|Any CPU
		{344D1F03-CA1D-4F20-BA62-3B06A55C12B5}.Debug|x64.Build.0 = Debug|Any CPU
		{344D1F03-CA1D-4F20-BA62-3B06A55C12B5}.Debug|x86.ActiveCfg = Debug|Any CPU
		{344D1F03-CA1D-4F20-BA62-3B06A55C12B5}.Debug|x86.Build.0 = Debug|Any CPU
		{344D1F03-CA1D-4F20-BA62-3B06A55C12B5}.Release|Any CPU.ActiveCfg = Release|Any CPU
		{344D1F03-CA1D-4F20-BA62-3B06A55C12B5}.Release|Any CPU.Build.0 = Release|Any CPU
		{344D1F03-CA1D-4F20-BA62-3B06A55C12B5}.Release|ARM.ActiveCfg = Release|Any CPU
		{344D1F03-CA1D-4F20-BA62-3B06A55C12B5}.Release|ARM.Build.0 = Release|Any CPU
		{344D1F03-CA1D-4F20-BA62-3B06A55C12B5}.Release|ARM64.ActiveCfg = Release|Any CPU
		{344D1F03-CA1D-4F20-BA62-3B06A55C12B5}.Release|ARM64.Build.0 = Release|Any CPU
		{344D1F03-CA1D-4F20-BA62-3B06A55C12B5}.Release|x64.ActiveCfg = Release|Any CPU
		{344D1F03-CA1D-4F20-BA62-3B06A55C12B5}.Release|x64.Build.0 = Release|Any CPU
		{344D1F03-CA1D-4F20-BA62-3B06A55C12B5}.Release|x86.ActiveCfg = Release|Any CPU
		{344D1F03-CA1D-4F20-BA62-3B06A55C12B5}.Release|x86.Build.0 = Release|Any CPU
		{622DAB06-0A72-48E8-8392-60CF79BAF143}.Debug|Any CPU.ActiveCfg = Debug|Any CPU
		{622DAB06-0A72-48E8-8392-60CF79BAF143}.Debug|Any CPU.Build.0 = Debug|Any CPU
		{622DAB06-0A72-48E8-8392-60CF79BAF143}.Debug|ARM.ActiveCfg = Debug|Any CPU
		{622DAB06-0A72-48E8-8392-60CF79BAF143}.Debug|ARM.Build.0 = Debug|Any CPU
		{622DAB06-0A72-48E8-8392-60CF79BAF143}.Debug|ARM64.ActiveCfg = Debug|Any CPU
		{622DAB06-0A72-48E8-8392-60CF79BAF143}.Debug|ARM64.Build.0 = Debug|Any CPU
		{622DAB06-0A72-48E8-8392-60CF79BAF143}.Debug|x64.ActiveCfg = Debug|Any CPU
		{622DAB06-0A72-48E8-8392-60CF79BAF143}.Debug|x64.Build.0 = Debug|Any CPU
		{622DAB06-0A72-48E8-8392-60CF79BAF143}.Debug|x86.ActiveCfg = Debug|Any CPU
		{622DAB06-0A72-48E8-8392-60CF79BAF143}.Debug|x86.Build.0 = Debug|Any CPU
		{622DAB06-0A72-48E8-8392-60CF79BAF143}.Release|Any CPU.ActiveCfg = Release|Any CPU
		{622DAB06-0A72-48E8-8392-60CF79BAF143}.Release|Any CPU.Build.0 = Release|Any CPU
		{622DAB06-0A72-48E8-8392-60CF79BAF143}.Release|ARM.ActiveCfg = Release|Any CPU
		{622DAB06-0A72-48E8-8392-60CF79BAF143}.Release|ARM.Build.0 = Release|Any CPU
		{622DAB06-0A72-48E8-8392-60CF79BAF143}.Release|ARM64.ActiveCfg = Release|Any CPU
		{622DAB06-0A72-48E8-8392-60CF79BAF143}.Release|ARM64.Build.0 = Release|Any CPU
		{622DAB06-0A72-48E8-8392-60CF79BAF143}.Release|x64.ActiveCfg = Release|Any CPU
		{622DAB06-0A72-48E8-8392-60CF79BAF143}.Release|x64.Build.0 = Release|Any CPU
		{622DAB06-0A72-48E8-8392-60CF79BAF143}.Release|x86.ActiveCfg = Release|Any CPU
		{622DAB06-0A72-48E8-8392-60CF79BAF143}.Release|x86.Build.0 = Release|Any CPU
		{29EE39BC-27E1-4903-B380-B5AA03525EF0}.Debug|Any CPU.ActiveCfg = Debug|Any CPU
		{29EE39BC-27E1-4903-B380-B5AA03525EF0}.Debug|Any CPU.Build.0 = Debug|Any CPU
		{29EE39BC-27E1-4903-B380-B5AA03525EF0}.Debug|ARM.ActiveCfg = Debug|Any CPU
		{29EE39BC-27E1-4903-B380-B5AA03525EF0}.Debug|ARM.Build.0 = Debug|Any CPU
		{29EE39BC-27E1-4903-B380-B5AA03525EF0}.Debug|ARM64.ActiveCfg = Debug|Any CPU
		{29EE39BC-27E1-4903-B380-B5AA03525EF0}.Debug|ARM64.Build.0 = Debug|Any CPU
		{29EE39BC-27E1-4903-B380-B5AA03525EF0}.Debug|x64.ActiveCfg = Debug|Any CPU
		{29EE39BC-27E1-4903-B380-B5AA03525EF0}.Debug|x64.Build.0 = Debug|Any CPU
		{29EE39BC-27E1-4903-B380-B5AA03525EF0}.Debug|x86.ActiveCfg = Debug|Any CPU
		{29EE39BC-27E1-4903-B380-B5AA03525EF0}.Debug|x86.Build.0 = Debug|Any CPU
		{29EE39BC-27E1-4903-B380-B5AA03525EF0}.Release|Any CPU.ActiveCfg = Release|Any CPU
		{29EE39BC-27E1-4903-B380-B5AA03525EF0}.Release|Any CPU.Build.0 = Release|Any CPU
		{29EE39BC-27E1-4903-B380-B5AA03525EF0}.Release|ARM.ActiveCfg = Release|Any CPU
		{29EE39BC-27E1-4903-B380-B5AA03525EF0}.Release|ARM.Build.0 = Release|Any CPU
		{29EE39BC-27E1-4903-B380-B5AA03525EF0}.Release|ARM64.ActiveCfg = Release|Any CPU
		{29EE39BC-27E1-4903-B380-B5AA03525EF0}.Release|ARM64.Build.0 = Release|Any CPU
		{29EE39BC-27E1-4903-B380-B5AA03525EF0}.Release|x64.ActiveCfg = Release|Any CPU
		{29EE39BC-27E1-4903-B380-B5AA03525EF0}.Release|x64.Build.0 = Release|Any CPU
		{29EE39BC-27E1-4903-B380-B5AA03525EF0}.Release|x86.ActiveCfg = Release|Any CPU
		{29EE39BC-27E1-4903-B380-B5AA03525EF0}.Release|x86.Build.0 = Release|Any CPU
		{BE654748-3D68-4632-AA2E-AF7B797F4F3D}.Debug|Any CPU.ActiveCfg = Debug|Any CPU
		{BE654748-3D68-4632-AA2E-AF7B797F4F3D}.Debug|Any CPU.Build.0 = Debug|Any CPU
		{BE654748-3D68-4632-AA2E-AF7B797F4F3D}.Debug|ARM.ActiveCfg = Debug|Any CPU
		{BE654748-3D68-4632-AA2E-AF7B797F4F3D}.Debug|ARM.Build.0 = Debug|Any CPU
		{BE654748-3D68-4632-AA2E-AF7B797F4F3D}.Debug|ARM64.ActiveCfg = Debug|Any CPU
		{BE654748-3D68-4632-AA2E-AF7B797F4F3D}.Debug|ARM64.Build.0 = Debug|Any CPU
		{BE654748-3D68-4632-AA2E-AF7B797F4F3D}.Debug|x64.ActiveCfg = Debug|Any CPU
		{BE654748-3D68-4632-AA2E-AF7B797F4F3D}.Debug|x64.Build.0 = Debug|Any CPU
		{BE654748-3D68-4632-AA2E-AF7B797F4F3D}.Debug|x86.ActiveCfg = Debug|Any CPU
		{BE654748-3D68-4632-AA2E-AF7B797F4F3D}.Debug|x86.Build.0 = Debug|Any CPU
		{BE654748-3D68-4632-AA2E-AF7B797F4F3D}.Release|Any CPU.ActiveCfg = Release|Any CPU
		{BE654748-3D68-4632-AA2E-AF7B797F4F3D}.Release|Any CPU.Build.0 = Release|Any CPU
		{BE654748-3D68-4632-AA2E-AF7B797F4F3D}.Release|ARM.ActiveCfg = Release|Any CPU
		{BE654748-3D68-4632-AA2E-AF7B797F4F3D}.Release|ARM.Build.0 = Release|Any CPU
		{BE654748-3D68-4632-AA2E-AF7B797F4F3D}.Release|ARM64.ActiveCfg = Release|Any CPU
		{BE654748-3D68-4632-AA2E-AF7B797F4F3D}.Release|ARM64.Build.0 = Release|Any CPU
		{BE654748-3D68-4632-AA2E-AF7B797F4F3D}.Release|x64.ActiveCfg = Release|Any CPU
		{BE654748-3D68-4632-AA2E-AF7B797F4F3D}.Release|x64.Build.0 = Release|Any CPU
		{BE654748-3D68-4632-AA2E-AF7B797F4F3D}.Release|x86.ActiveCfg = Release|Any CPU
		{BE654748-3D68-4632-AA2E-AF7B797F4F3D}.Release|x86.Build.0 = Release|Any CPU
		{5C4AE888-051E-49F8-9C6A-8E251205B33E}.Debug|Any CPU.ActiveCfg = Debug|Any CPU
		{5C4AE888-051E-49F8-9C6A-8E251205B33E}.Debug|Any CPU.Build.0 = Debug|Any CPU
		{5C4AE888-051E-49F8-9C6A-8E251205B33E}.Debug|ARM.ActiveCfg = Debug|Any CPU
		{5C4AE888-051E-49F8-9C6A-8E251205B33E}.Debug|ARM.Build.0 = Debug|Any CPU
		{5C4AE888-051E-49F8-9C6A-8E251205B33E}.Debug|ARM64.ActiveCfg = Debug|Any CPU
		{5C4AE888-051E-49F8-9C6A-8E251205B33E}.Debug|ARM64.Build.0 = Debug|Any CPU
		{5C4AE888-051E-49F8-9C6A-8E251205B33E}.Debug|x64.ActiveCfg = Debug|Any CPU
		{5C4AE888-051E-49F8-9C6A-8E251205B33E}.Debug|x64.Build.0 = Debug|Any CPU
		{5C4AE888-051E-49F8-9C6A-8E251205B33E}.Debug|x86.ActiveCfg = Debug|Any CPU
		{5C4AE888-051E-49F8-9C6A-8E251205B33E}.Debug|x86.Build.0 = Debug|Any CPU
		{5C4AE888-051E-49F8-9C6A-8E251205B33E}.Release|Any CPU.ActiveCfg = Release|Any CPU
		{5C4AE888-051E-49F8-9C6A-8E251205B33E}.Release|Any CPU.Build.0 = Release|Any CPU
		{5C4AE888-051E-49F8-9C6A-8E251205B33E}.Release|ARM.ActiveCfg = Release|Any CPU
		{5C4AE888-051E-49F8-9C6A-8E251205B33E}.Release|ARM.Build.0 = Release|Any CPU
		{5C4AE888-051E-49F8-9C6A-8E251205B33E}.Release|ARM64.ActiveCfg = Release|Any CPU
		{5C4AE888-051E-49F8-9C6A-8E251205B33E}.Release|ARM64.Build.0 = Release|Any CPU
		{5C4AE888-051E-49F8-9C6A-8E251205B33E}.Release|x64.ActiveCfg = Release|Any CPU
		{5C4AE888-051E-49F8-9C6A-8E251205B33E}.Release|x64.Build.0 = Release|Any CPU
		{5C4AE888-051E-49F8-9C6A-8E251205B33E}.Release|x86.ActiveCfg = Release|Any CPU
		{5C4AE888-051E-49F8-9C6A-8E251205B33E}.Release|x86.Build.0 = Release|Any CPU
		{E09DD6B5-D93B-4D68-939E-E0DA21D90D11}.Debug|Any CPU.ActiveCfg = Debug|Any CPU
		{E09DD6B5-D93B-4D68-939E-E0DA21D90D11}.Debug|Any CPU.Build.0 = Debug|Any CPU
		{E09DD6B5-D93B-4D68-939E-E0DA21D90D11}.Debug|ARM.ActiveCfg = Debug|Any CPU
		{E09DD6B5-D93B-4D68-939E-E0DA21D90D11}.Debug|ARM.Build.0 = Debug|Any CPU
		{E09DD6B5-D93B-4D68-939E-E0DA21D90D11}.Debug|ARM64.ActiveCfg = Debug|Any CPU
		{E09DD6B5-D93B-4D68-939E-E0DA21D90D11}.Debug|ARM64.Build.0 = Debug|Any CPU
		{E09DD6B5-D93B-4D68-939E-E0DA21D90D11}.Debug|x64.ActiveCfg = Debug|Any CPU
		{E09DD6B5-D93B-4D68-939E-E0DA21D90D11}.Debug|x64.Build.0 = Debug|Any CPU
		{E09DD6B5-D93B-4D68-939E-E0DA21D90D11}.Debug|x86.ActiveCfg = Debug|Any CPU
		{E09DD6B5-D93B-4D68-939E-E0DA21D90D11}.Debug|x86.Build.0 = Debug|Any CPU
		{E09DD6B5-D93B-4D68-939E-E0DA21D90D11}.Release|Any CPU.ActiveCfg = Release|Any CPU
		{E09DD6B5-D93B-4D68-939E-E0DA21D90D11}.Release|Any CPU.Build.0 = Release|Any CPU
		{E09DD6B5-D93B-4D68-939E-E0DA21D90D11}.Release|ARM.ActiveCfg = Release|Any CPU
		{E09DD6B5-D93B-4D68-939E-E0DA21D90D11}.Release|ARM.Build.0 = Release|Any CPU
		{E09DD6B5-D93B-4D68-939E-E0DA21D90D11}.Release|ARM64.ActiveCfg = Release|Any CPU
		{E09DD6B5-D93B-4D68-939E-E0DA21D90D11}.Release|ARM64.Build.0 = Release|Any CPU
		{E09DD6B5-D93B-4D68-939E-E0DA21D90D11}.Release|x64.ActiveCfg = Release|Any CPU
		{E09DD6B5-D93B-4D68-939E-E0DA21D90D11}.Release|x64.Build.0 = Release|Any CPU
		{E09DD6B5-D93B-4D68-939E-E0DA21D90D11}.Release|x86.ActiveCfg = Release|Any CPU
		{E09DD6B5-D93B-4D68-939E-E0DA21D90D11}.Release|x86.Build.0 = Release|Any CPU
		{EAD17954-85E2-4105-A66B-045084BF4851}.Debug|Any CPU.ActiveCfg = Debug|Any CPU
		{EAD17954-85E2-4105-A66B-045084BF4851}.Debug|Any CPU.Build.0 = Debug|Any CPU
		{EAD17954-85E2-4105-A66B-045084BF4851}.Debug|ARM.ActiveCfg = Debug|Any CPU
		{EAD17954-85E2-4105-A66B-045084BF4851}.Debug|ARM.Build.0 = Debug|Any CPU
		{EAD17954-85E2-4105-A66B-045084BF4851}.Debug|ARM64.ActiveCfg = Debug|Any CPU
		{EAD17954-85E2-4105-A66B-045084BF4851}.Debug|ARM64.Build.0 = Debug|Any CPU
		{EAD17954-85E2-4105-A66B-045084BF4851}.Debug|x64.ActiveCfg = Debug|Any CPU
		{EAD17954-85E2-4105-A66B-045084BF4851}.Debug|x64.Build.0 = Debug|Any CPU
		{EAD17954-85E2-4105-A66B-045084BF4851}.Debug|x86.ActiveCfg = Debug|Any CPU
		{EAD17954-85E2-4105-A66B-045084BF4851}.Debug|x86.Build.0 = Debug|Any CPU
		{EAD17954-85E2-4105-A66B-045084BF4851}.Release|Any CPU.ActiveCfg = Release|Any CPU
		{EAD17954-85E2-4105-A66B-045084BF4851}.Release|Any CPU.Build.0 = Release|Any CPU
		{EAD17954-85E2-4105-A66B-045084BF4851}.Release|ARM.ActiveCfg = Release|Any CPU
		{EAD17954-85E2-4105-A66B-045084BF4851}.Release|ARM.Build.0 = Release|Any CPU
		{EAD17954-85E2-4105-A66B-045084BF4851}.Release|ARM64.ActiveCfg = Release|Any CPU
		{EAD17954-85E2-4105-A66B-045084BF4851}.Release|ARM64.Build.0 = Release|Any CPU
		{EAD17954-85E2-4105-A66B-045084BF4851}.Release|x64.ActiveCfg = Release|Any CPU
		{EAD17954-85E2-4105-A66B-045084BF4851}.Release|x64.Build.0 = Release|Any CPU
		{EAD17954-85E2-4105-A66B-045084BF4851}.Release|x86.ActiveCfg = Release|Any CPU
		{EAD17954-85E2-4105-A66B-045084BF4851}.Release|x86.Build.0 = Release|Any CPU
		{DC2E13E2-91B2-4BE4-950D-97F2226E2AD3}.Debug|Any CPU.ActiveCfg = Debug|Any CPU
		{DC2E13E2-91B2-4BE4-950D-97F2226E2AD3}.Debug|Any CPU.Build.0 = Debug|Any CPU
		{DC2E13E2-91B2-4BE4-950D-97F2226E2AD3}.Debug|ARM.ActiveCfg = Debug|Any CPU
		{DC2E13E2-91B2-4BE4-950D-97F2226E2AD3}.Debug|ARM.Build.0 = Debug|Any CPU
		{DC2E13E2-91B2-4BE4-950D-97F2226E2AD3}.Debug|ARM64.ActiveCfg = Debug|Any CPU
		{DC2E13E2-91B2-4BE4-950D-97F2226E2AD3}.Debug|ARM64.Build.0 = Debug|Any CPU
		{DC2E13E2-91B2-4BE4-950D-97F2226E2AD3}.Debug|x64.ActiveCfg = Debug|Any CPU
		{DC2E13E2-91B2-4BE4-950D-97F2226E2AD3}.Debug|x64.Build.0 = Debug|Any CPU
		{DC2E13E2-91B2-4BE4-950D-97F2226E2AD3}.Debug|x86.ActiveCfg = Debug|Any CPU
		{DC2E13E2-91B2-4BE4-950D-97F2226E2AD3}.Debug|x86.Build.0 = Debug|Any CPU
		{DC2E13E2-91B2-4BE4-950D-97F2226E2AD3}.Release|Any CPU.ActiveCfg = Release|Any CPU
		{DC2E13E2-91B2-4BE4-950D-97F2226E2AD3}.Release|Any CPU.Build.0 = Release|Any CPU
		{DC2E13E2-91B2-4BE4-950D-97F2226E2AD3}.Release|ARM.ActiveCfg = Release|Any CPU
		{DC2E13E2-91B2-4BE4-950D-97F2226E2AD3}.Release|ARM.Build.0 = Release|Any CPU
		{DC2E13E2-91B2-4BE4-950D-97F2226E2AD3}.Release|ARM64.ActiveCfg = Release|Any CPU
		{DC2E13E2-91B2-4BE4-950D-97F2226E2AD3}.Release|ARM64.Build.0 = Release|Any CPU
		{DC2E13E2-91B2-4BE4-950D-97F2226E2AD3}.Release|x64.ActiveCfg = Release|Any CPU
		{DC2E13E2-91B2-4BE4-950D-97F2226E2AD3}.Release|x64.Build.0 = Release|Any CPU
		{DC2E13E2-91B2-4BE4-950D-97F2226E2AD3}.Release|x86.ActiveCfg = Release|Any CPU
		{DC2E13E2-91B2-4BE4-950D-97F2226E2AD3}.Release|x86.Build.0 = Release|Any CPU
		{4E4B6A30-4155-4AA9-A639-B3D35D4D2FB3}.Debug|Any CPU.ActiveCfg = Debug|Any CPU
		{4E4B6A30-4155-4AA9-A639-B3D35D4D2FB3}.Debug|Any CPU.Build.0 = Debug|Any CPU
		{4E4B6A30-4155-4AA9-A639-B3D35D4D2FB3}.Debug|ARM.ActiveCfg = Debug|Any CPU
		{4E4B6A30-4155-4AA9-A639-B3D35D4D2FB3}.Debug|ARM.Build.0 = Debug|Any CPU
		{4E4B6A30-4155-4AA9-A639-B3D35D4D2FB3}.Debug|ARM64.ActiveCfg = Debug|Any CPU
		{4E4B6A30-4155-4AA9-A639-B3D35D4D2FB3}.Debug|ARM64.Build.0 = Debug|Any CPU
		{4E4B6A30-4155-4AA9-A639-B3D35D4D2FB3}.Debug|x64.ActiveCfg = Debug|Any CPU
		{4E4B6A30-4155-4AA9-A639-B3D35D4D2FB3}.Debug|x64.Build.0 = Debug|Any CPU
		{4E4B6A30-4155-4AA9-A639-B3D35D4D2FB3}.Debug|x86.ActiveCfg = Debug|Any CPU
		{4E4B6A30-4155-4AA9-A639-B3D35D4D2FB3}.Debug|x86.Build.0 = Debug|Any CPU
		{4E4B6A30-4155-4AA9-A639-B3D35D4D2FB3}.Release|Any CPU.ActiveCfg = Release|Any CPU
		{4E4B6A30-4155-4AA9-A639-B3D35D4D2FB3}.Release|Any CPU.Build.0 = Release|Any CPU
		{4E4B6A30-4155-4AA9-A639-B3D35D4D2FB3}.Release|ARM.ActiveCfg = Release|Any CPU
		{4E4B6A30-4155-4AA9-A639-B3D35D4D2FB3}.Release|ARM.Build.0 = Release|Any CPU
		{4E4B6A30-4155-4AA9-A639-B3D35D4D2FB3}.Release|ARM64.ActiveCfg = Release|Any CPU
		{4E4B6A30-4155-4AA9-A639-B3D35D4D2FB3}.Release|ARM64.Build.0 = Release|Any CPU
		{4E4B6A30-4155-4AA9-A639-B3D35D4D2FB3}.Release|x64.ActiveCfg = Release|Any CPU
		{4E4B6A30-4155-4AA9-A639-B3D35D4D2FB3}.Release|x64.Build.0 = Release|Any CPU
		{4E4B6A30-4155-4AA9-A639-B3D35D4D2FB3}.Release|x86.ActiveCfg = Release|Any CPU
		{4E4B6A30-4155-4AA9-A639-B3D35D4D2FB3}.Release|x86.Build.0 = Release|Any CPU
		{3F41ABED-041C-4BAF-82BD-1145BB61C3EE}.Debug|Any CPU.ActiveCfg = Debug|Any CPU
		{3F41ABED-041C-4BAF-82BD-1145BB61C3EE}.Debug|Any CPU.Build.0 = Debug|Any CPU
		{3F41ABED-041C-4BAF-82BD-1145BB61C3EE}.Debug|ARM.ActiveCfg = Debug|Any CPU
		{3F41ABED-041C-4BAF-82BD-1145BB61C3EE}.Debug|ARM.Build.0 = Debug|Any CPU
		{3F41ABED-041C-4BAF-82BD-1145BB61C3EE}.Debug|ARM64.ActiveCfg = Debug|Any CPU
		{3F41ABED-041C-4BAF-82BD-1145BB61C3EE}.Debug|ARM64.Build.0 = Debug|Any CPU
		{3F41ABED-041C-4BAF-82BD-1145BB61C3EE}.Debug|x64.ActiveCfg = Debug|Any CPU
		{3F41ABED-041C-4BAF-82BD-1145BB61C3EE}.Debug|x64.Build.0 = Debug|Any CPU
		{3F41ABED-041C-4BAF-82BD-1145BB61C3EE}.Debug|x86.ActiveCfg = Debug|Any CPU
		{3F41ABED-041C-4BAF-82BD-1145BB61C3EE}.Debug|x86.Build.0 = Debug|Any CPU
		{3F41ABED-041C-4BAF-82BD-1145BB61C3EE}.Release|Any CPU.ActiveCfg = Release|Any CPU
		{3F41ABED-041C-4BAF-82BD-1145BB61C3EE}.Release|Any CPU.Build.0 = Release|Any CPU
		{3F41ABED-041C-4BAF-82BD-1145BB61C3EE}.Release|ARM.ActiveCfg = Release|Any CPU
		{3F41ABED-041C-4BAF-82BD-1145BB61C3EE}.Release|ARM.Build.0 = Release|Any CPU
		{3F41ABED-041C-4BAF-82BD-1145BB61C3EE}.Release|ARM64.ActiveCfg = Release|Any CPU
		{3F41ABED-041C-4BAF-82BD-1145BB61C3EE}.Release|ARM64.Build.0 = Release|Any CPU
		{3F41ABED-041C-4BAF-82BD-1145BB61C3EE}.Release|x64.ActiveCfg = Release|Any CPU
		{3F41ABED-041C-4BAF-82BD-1145BB61C3EE}.Release|x64.Build.0 = Release|Any CPU
		{3F41ABED-041C-4BAF-82BD-1145BB61C3EE}.Release|x86.ActiveCfg = Release|Any CPU
		{3F41ABED-041C-4BAF-82BD-1145BB61C3EE}.Release|x86.Build.0 = Release|Any CPU
		{D4C55038-9BB0-4290-8543-702A75D62558}.Debug|Any CPU.ActiveCfg = Debug|Any CPU
		{D4C55038-9BB0-4290-8543-702A75D62558}.Debug|Any CPU.Build.0 = Debug|Any CPU
		{D4C55038-9BB0-4290-8543-702A75D62558}.Debug|ARM.ActiveCfg = Debug|Any CPU
		{D4C55038-9BB0-4290-8543-702A75D62558}.Debug|ARM.Build.0 = Debug|Any CPU
		{D4C55038-9BB0-4290-8543-702A75D62558}.Debug|ARM64.ActiveCfg = Debug|Any CPU
		{D4C55038-9BB0-4290-8543-702A75D62558}.Debug|ARM64.Build.0 = Debug|Any CPU
		{D4C55038-9BB0-4290-8543-702A75D62558}.Debug|x64.ActiveCfg = Debug|Any CPU
		{D4C55038-9BB0-4290-8543-702A75D62558}.Debug|x64.Build.0 = Debug|Any CPU
		{D4C55038-9BB0-4290-8543-702A75D62558}.Debug|x86.ActiveCfg = Debug|Any CPU
		{D4C55038-9BB0-4290-8543-702A75D62558}.Debug|x86.Build.0 = Debug|Any CPU
		{D4C55038-9BB0-4290-8543-702A75D62558}.Release|Any CPU.ActiveCfg = Release|Any CPU
		{D4C55038-9BB0-4290-8543-702A75D62558}.Release|Any CPU.Build.0 = Release|Any CPU
		{D4C55038-9BB0-4290-8543-702A75D62558}.Release|ARM.ActiveCfg = Release|Any CPU
		{D4C55038-9BB0-4290-8543-702A75D62558}.Release|ARM.Build.0 = Release|Any CPU
		{D4C55038-9BB0-4290-8543-702A75D62558}.Release|ARM64.ActiveCfg = Release|Any CPU
		{D4C55038-9BB0-4290-8543-702A75D62558}.Release|ARM64.Build.0 = Release|Any CPU
		{D4C55038-9BB0-4290-8543-702A75D62558}.Release|x64.ActiveCfg = Release|Any CPU
		{D4C55038-9BB0-4290-8543-702A75D62558}.Release|x64.Build.0 = Release|Any CPU
		{D4C55038-9BB0-4290-8543-702A75D62558}.Release|x86.ActiveCfg = Release|Any CPU
		{D4C55038-9BB0-4290-8543-702A75D62558}.Release|x86.Build.0 = Release|Any CPU
		{F9FB08C2-2802-4276-96C6-D9FCC85D3E20}.Debug|Any CPU.ActiveCfg = Debug|Any CPU
		{F9FB08C2-2802-4276-96C6-D9FCC85D3E20}.Debug|Any CPU.Build.0 = Debug|Any CPU
		{F9FB08C2-2802-4276-96C6-D9FCC85D3E20}.Debug|Any CPU.Deploy.0 = Debug|Any CPU
		{F9FB08C2-2802-4276-96C6-D9FCC85D3E20}.Debug|ARM.ActiveCfg = Debug|ARM
		{F9FB08C2-2802-4276-96C6-D9FCC85D3E20}.Debug|ARM.Build.0 = Debug|ARM
		{F9FB08C2-2802-4276-96C6-D9FCC85D3E20}.Debug|ARM.Deploy.0 = Debug|ARM
		{F9FB08C2-2802-4276-96C6-D9FCC85D3E20}.Debug|ARM64.ActiveCfg = Debug|ARM64
		{F9FB08C2-2802-4276-96C6-D9FCC85D3E20}.Debug|ARM64.Build.0 = Debug|ARM64
		{F9FB08C2-2802-4276-96C6-D9FCC85D3E20}.Debug|ARM64.Deploy.0 = Debug|ARM64
		{F9FB08C2-2802-4276-96C6-D9FCC85D3E20}.Debug|x64.ActiveCfg = Debug|x64
		{F9FB08C2-2802-4276-96C6-D9FCC85D3E20}.Debug|x64.Build.0 = Debug|x64
		{F9FB08C2-2802-4276-96C6-D9FCC85D3E20}.Debug|x64.Deploy.0 = Debug|x64
		{F9FB08C2-2802-4276-96C6-D9FCC85D3E20}.Debug|x86.ActiveCfg = Debug|x86
		{F9FB08C2-2802-4276-96C6-D9FCC85D3E20}.Debug|x86.Build.0 = Debug|x86
		{F9FB08C2-2802-4276-96C6-D9FCC85D3E20}.Debug|x86.Deploy.0 = Debug|x86
		{F9FB08C2-2802-4276-96C6-D9FCC85D3E20}.Release|Any CPU.ActiveCfg = Release|Any CPU
		{F9FB08C2-2802-4276-96C6-D9FCC85D3E20}.Release|Any CPU.Build.0 = Release|Any CPU
		{F9FB08C2-2802-4276-96C6-D9FCC85D3E20}.Release|Any CPU.Deploy.0 = Release|Any CPU
		{F9FB08C2-2802-4276-96C6-D9FCC85D3E20}.Release|ARM.ActiveCfg = Release|ARM
		{F9FB08C2-2802-4276-96C6-D9FCC85D3E20}.Release|ARM.Build.0 = Release|ARM
		{F9FB08C2-2802-4276-96C6-D9FCC85D3E20}.Release|ARM.Deploy.0 = Release|ARM
		{F9FB08C2-2802-4276-96C6-D9FCC85D3E20}.Release|ARM64.ActiveCfg = Release|ARM64
		{F9FB08C2-2802-4276-96C6-D9FCC85D3E20}.Release|ARM64.Build.0 = Release|ARM64
		{F9FB08C2-2802-4276-96C6-D9FCC85D3E20}.Release|ARM64.Deploy.0 = Release|ARM64
		{F9FB08C2-2802-4276-96C6-D9FCC85D3E20}.Release|x64.ActiveCfg = Release|x64
		{F9FB08C2-2802-4276-96C6-D9FCC85D3E20}.Release|x64.Build.0 = Release|x64
		{F9FB08C2-2802-4276-96C6-D9FCC85D3E20}.Release|x64.Deploy.0 = Release|x64
		{F9FB08C2-2802-4276-96C6-D9FCC85D3E20}.Release|x86.ActiveCfg = Release|x86
		{F9FB08C2-2802-4276-96C6-D9FCC85D3E20}.Release|x86.Build.0 = Release|x86
		{F9FB08C2-2802-4276-96C6-D9FCC85D3E20}.Release|x86.Deploy.0 = Release|x86
		{6353C13D-B63C-4062-AC81-8D70392D30CF}.Debug|Any CPU.ActiveCfg = Debug|Any CPU
		{6353C13D-B63C-4062-AC81-8D70392D30CF}.Debug|Any CPU.Build.0 = Debug|Any CPU
		{6353C13D-B63C-4062-AC81-8D70392D30CF}.Debug|ARM.ActiveCfg = Debug|Any CPU
		{6353C13D-B63C-4062-AC81-8D70392D30CF}.Debug|ARM.Build.0 = Debug|Any CPU
		{6353C13D-B63C-4062-AC81-8D70392D30CF}.Debug|ARM64.ActiveCfg = Debug|Any CPU
		{6353C13D-B63C-4062-AC81-8D70392D30CF}.Debug|ARM64.Build.0 = Debug|Any CPU
		{6353C13D-B63C-4062-AC81-8D70392D30CF}.Debug|x64.ActiveCfg = Debug|Any CPU
		{6353C13D-B63C-4062-AC81-8D70392D30CF}.Debug|x64.Build.0 = Debug|Any CPU
		{6353C13D-B63C-4062-AC81-8D70392D30CF}.Debug|x86.ActiveCfg = Debug|Any CPU
		{6353C13D-B63C-4062-AC81-8D70392D30CF}.Debug|x86.Build.0 = Debug|Any CPU
		{6353C13D-B63C-4062-AC81-8D70392D30CF}.Release|Any CPU.ActiveCfg = Release|Any CPU
		{6353C13D-B63C-4062-AC81-8D70392D30CF}.Release|Any CPU.Build.0 = Release|Any CPU
		{6353C13D-B63C-4062-AC81-8D70392D30CF}.Release|ARM.ActiveCfg = Release|Any CPU
		{6353C13D-B63C-4062-AC81-8D70392D30CF}.Release|ARM.Build.0 = Release|Any CPU
		{6353C13D-B63C-4062-AC81-8D70392D30CF}.Release|ARM64.ActiveCfg = Release|Any CPU
		{6353C13D-B63C-4062-AC81-8D70392D30CF}.Release|ARM64.Build.0 = Release|Any CPU
		{6353C13D-B63C-4062-AC81-8D70392D30CF}.Release|x64.ActiveCfg = Release|Any CPU
		{6353C13D-B63C-4062-AC81-8D70392D30CF}.Release|x64.Build.0 = Release|Any CPU
		{6353C13D-B63C-4062-AC81-8D70392D30CF}.Release|x86.ActiveCfg = Release|Any CPU
		{6353C13D-B63C-4062-AC81-8D70392D30CF}.Release|x86.Build.0 = Release|Any CPU
		{DF92B282-4505-484B-9BD9-A9E125CA607D}.Debug|Any CPU.ActiveCfg = Debug|Win32
		{DF92B282-4505-484B-9BD9-A9E125CA607D}.Debug|ARM.ActiveCfg = Debug|Win32
		{DF92B282-4505-484B-9BD9-A9E125CA607D}.Debug|ARM64.ActiveCfg = Debug|Win32
		{DF92B282-4505-484B-9BD9-A9E125CA607D}.Debug|x64.ActiveCfg = Debug|x64
		{DF92B282-4505-484B-9BD9-A9E125CA607D}.Debug|x64.Build.0 = Debug|x64
		{DF92B282-4505-484B-9BD9-A9E125CA607D}.Debug|x86.ActiveCfg = Debug|Win32
		{DF92B282-4505-484B-9BD9-A9E125CA607D}.Debug|x86.Build.0 = Debug|Win32
		{DF92B282-4505-484B-9BD9-A9E125CA607D}.Release|Any CPU.ActiveCfg = Release|Win32
		{DF92B282-4505-484B-9BD9-A9E125CA607D}.Release|ARM.ActiveCfg = Release|Win32
		{DF92B282-4505-484B-9BD9-A9E125CA607D}.Release|ARM64.ActiveCfg = Release|Win32
		{DF92B282-4505-484B-9BD9-A9E125CA607D}.Release|x64.ActiveCfg = Release|x64
		{DF92B282-4505-484B-9BD9-A9E125CA607D}.Release|x64.Build.0 = Release|x64
		{DF92B282-4505-484B-9BD9-A9E125CA607D}.Release|x86.ActiveCfg = Release|Win32
		{DF92B282-4505-484B-9BD9-A9E125CA607D}.Release|x86.Build.0 = Release|Win32
	EndGlobalSection
	GlobalSection(SolutionProperties) = preSolution
		HideSolutionNode = FALSE
	EndGlobalSection
	GlobalSection(ExtensibilityGlobals) = postSolution
		SolutionGuid = {231E1F36-BB9F-4CDB-BC2D-468F2805C778}
	EndGlobalSection
EndGlobal
