
Microsoft Visual Studio Solution File, Format Version 12.00
# Visual Studio 14
VisualStudioVersion = 14.0.25420.1
MinimumVisualStudioVersion = 10.0.40219.1
Project("{FAE04EC0-301F-11D3-BF4B-00C04F79EFBC}") = "TcpClientTool", "TcpClientTool\TcpClientTool.csproj", "{1A80778F-B6B5-442E-9E1B-C6216A24F8C0}"
EndProject
Project("{FAE04EC0-301F-11D3-BF4B-00C04F79EFBC}") = "UdpTool", "UdpTool\UdpTool.csproj", "{3455D706-1959-442A-A53F-0B4479D94F16}"
EndProject
Project("{FAE04EC0-301F-11D3-BF4B-00C04F79EFBC}") = "Common", "Common\Common.csproj", "{E1FEE78B-CBEC-4A3E-9252-581406417CE0}"
EndProject
Project("{FAE04EC0-301F-11D3-BF4B-00C04F79EFBC}") = "FirewallTool", "FirewallTool\FirewallTool.csproj", "{BF6B0BF8-9FC0-4701-A7CE-FA66EA86C95E}"
EndProject
Project("{FAE04EC0-301F-11D3-BF4B-00C04F79EFBC}") = "IcmpTool", "IcmpTool\IcmpTool.csproj", "{5E693A9D-F2FF-4740-A95B-CB08B5EF2C8B}"
EndProject
Project("{FAE04EC0-301F-11D3-BF4B-00C04F79EFBC}") = "SerialTool", "SerialTool\SerialTool.csproj", "{74FAAD3B-B66C-40BD-ACD3-C8BAEA47B8A4}"
EndProject
Project("{FAE04EC0-301F-11D3-BF4B-00C04F79EFBC}") = "HexToBinLib", "NetHexToBin\HexToBinLib\HexToBinLib.csproj", "{78E37AB9-1A85-4E08-8F72-FA3BC098A4AF}"
EndProject
Project("{FAE04EC0-301F-11D3-BF4B-00C04F79EFBC}") = "websocket-sharp", "websocket-sharp\websocket-sharp\websocket-sharp.csproj", "{B357BAC7-529E-4D81-A0D2-71041B19C8DE}"
EndProject
Project("{FAE04EC0-301F-11D3-BF4B-00C04F79EFBC}") = "WebSocketSharpTool", "WebSocketSharpTool\WebSocketSharpTool.csproj", "{50A53291-821F-4460-993E-983A40E603EF}"
EndProject
Project("{FAE04EC0-301F-11D3-BF4B-00C04F79EFBC}") = "WebSocketTool", "WebSocketTool\WebSocketTool.csproj", "{23B1ADCA-39FF-4FBF-B336-770FB124C9F8}"
EndProject
Project("{FAE04EC0-301F-11D3-BF4B-00C04F79EFBC}") = "WebSocketServerTool", "WebSocketServerTool\WebSocketServerTool.csproj", "{4846204E-E40A-4ABE-AB71-8CFED0CB1567}"
EndProject
Project("{FAE04EC0-301F-11D3-BF4B-00C04F79EFBC}") = "WebSocketSharpServerTool", "WebSocketSharpServerTool\WebSocketSharpServerTool.csproj", "{5AC4DD03-DAAF-4572-BF5D-8D2B024645CD}"
EndProject
Project("{FAE04EC0-301F-11D3-BF4B-00C04F79EFBC}") = "SnifferTool", "SnifferTool\SnifferTool.csproj", "{5D3B68EB-0764-49D9-A5D4-1216AEDEFEAA}"
EndProject
Project("{FAE04EC0-301F-11D3-BF4B-00C04F79EFBC}") = "RouteTool", "RouteTool\RouteTool.csproj", "{F0D291A0-D1C7-4148-BF1A-407396510C06}"
EndProject
Project("{FAE04EC0-301F-11D3-BF4B-00C04F79EFBC}") = "TcpListenerTool", "TcpListenerTool\TcpListenerTool.csproj", "{0AA07A12-6361-4BD7-9A24-87690A3AEACE}"
EndProject
Project("{FAE04EC0-301F-11D3-BF4B-00C04F79EFBC}") = "BluetoothSerialServerTool", "BluetoothSerialServerTool\BluetoothSerialServerTool.csproj", "{93C2A8EA-73D2-43C4-BED7-362C650C709A}"
EndProject
Global
	GlobalSection(SolutionConfigurationPlatforms) = preSolution
		Debug_Ubuntu|Any CPU = Debug_Ubuntu|Any CPU
		Debug|Any CPU = Debug|Any CPU
		Release_Ubuntu|Any CPU = Release_Ubuntu|Any CPU
		Release|Any CPU = Release|Any CPU
	EndGlobalSection
	GlobalSection(ProjectConfigurationPlatforms) = postSolution
		{1A80778F-B6B5-442E-9E1B-C6216A24F8C0}.Debug_Ubuntu|Any CPU.ActiveCfg = Debug|Any CPU
		{1A80778F-B6B5-442E-9E1B-C6216A24F8C0}.Debug_Ubuntu|Any CPU.Build.0 = Debug|Any CPU
		{1A80778F-B6B5-442E-9E1B-C6216A24F8C0}.Debug|Any CPU.ActiveCfg = Debug|Any CPU
		{1A80778F-B6B5-442E-9E1B-C6216A24F8C0}.Debug|Any CPU.Build.0 = Debug|Any CPU
		{1A80778F-B6B5-442E-9E1B-C6216A24F8C0}.Release_Ubuntu|Any CPU.ActiveCfg = Release|Any CPU
		{1A80778F-B6B5-442E-9E1B-C6216A24F8C0}.Release_Ubuntu|Any CPU.Build.0 = Release|Any CPU
		{1A80778F-B6B5-442E-9E1B-C6216A24F8C0}.Release|Any CPU.ActiveCfg = Release|Any CPU
		{1A80778F-B6B5-442E-9E1B-C6216A24F8C0}.Release|Any CPU.Build.0 = Release|Any CPU
		{3455D706-1959-442A-A53F-0B4479D94F16}.Debug_Ubuntu|Any CPU.ActiveCfg = Debug|Any CPU
		{3455D706-1959-442A-A53F-0B4479D94F16}.Debug_Ubuntu|Any CPU.Build.0 = Debug|Any CPU
		{3455D706-1959-442A-A53F-0B4479D94F16}.Debug|Any CPU.ActiveCfg = Debug|Any CPU
		{3455D706-1959-442A-A53F-0B4479D94F16}.Debug|Any CPU.Build.0 = Debug|Any CPU
		{3455D706-1959-442A-A53F-0B4479D94F16}.Release_Ubuntu|Any CPU.ActiveCfg = Release|Any CPU
		{3455D706-1959-442A-A53F-0B4479D94F16}.Release_Ubuntu|Any CPU.Build.0 = Release|Any CPU
		{3455D706-1959-442A-A53F-0B4479D94F16}.Release|Any CPU.ActiveCfg = Release|Any CPU
		{3455D706-1959-442A-A53F-0B4479D94F16}.Release|Any CPU.Build.0 = Release|Any CPU
		{E1FEE78B-CBEC-4A3E-9252-581406417CE0}.Debug_Ubuntu|Any CPU.ActiveCfg = Debug|Any CPU
		{E1FEE78B-CBEC-4A3E-9252-581406417CE0}.Debug_Ubuntu|Any CPU.Build.0 = Debug|Any CPU
		{E1FEE78B-CBEC-4A3E-9252-581406417CE0}.Debug|Any CPU.ActiveCfg = Debug|Any CPU
		{E1FEE78B-CBEC-4A3E-9252-581406417CE0}.Debug|Any CPU.Build.0 = Debug|Any CPU
		{E1FEE78B-CBEC-4A3E-9252-581406417CE0}.Release_Ubuntu|Any CPU.ActiveCfg = Release|Any CPU
		{E1FEE78B-CBEC-4A3E-9252-581406417CE0}.Release_Ubuntu|Any CPU.Build.0 = Release|Any CPU
		{E1FEE78B-CBEC-4A3E-9252-581406417CE0}.Release|Any CPU.ActiveCfg = Release|Any CPU
		{E1FEE78B-CBEC-4A3E-9252-581406417CE0}.Release|Any CPU.Build.0 = Release|Any CPU
		{BF6B0BF8-9FC0-4701-A7CE-FA66EA86C95E}.Debug_Ubuntu|Any CPU.ActiveCfg = Debug|Any CPU
		{BF6B0BF8-9FC0-4701-A7CE-FA66EA86C95E}.Debug_Ubuntu|Any CPU.Build.0 = Debug|Any CPU
		{BF6B0BF8-9FC0-4701-A7CE-FA66EA86C95E}.Debug|Any CPU.ActiveCfg = Debug|Any CPU
		{BF6B0BF8-9FC0-4701-A7CE-FA66EA86C95E}.Debug|Any CPU.Build.0 = Debug|Any CPU
		{BF6B0BF8-9FC0-4701-A7CE-FA66EA86C95E}.Release_Ubuntu|Any CPU.ActiveCfg = Release|Any CPU
		{BF6B0BF8-9FC0-4701-A7CE-FA66EA86C95E}.Release_Ubuntu|Any CPU.Build.0 = Release|Any CPU
		{BF6B0BF8-9FC0-4701-A7CE-FA66EA86C95E}.Release|Any CPU.ActiveCfg = Release|Any CPU
		{BF6B0BF8-9FC0-4701-A7CE-FA66EA86C95E}.Release|Any CPU.Build.0 = Release|Any CPU
		{5E693A9D-F2FF-4740-A95B-CB08B5EF2C8B}.Debug_Ubuntu|Any CPU.ActiveCfg = Debug|Any CPU
		{5E693A9D-F2FF-4740-A95B-CB08B5EF2C8B}.Debug_Ubuntu|Any CPU.Build.0 = Debug|Any CPU
		{5E693A9D-F2FF-4740-A95B-CB08B5EF2C8B}.Debug|Any CPU.ActiveCfg = Debug|Any CPU
		{5E693A9D-F2FF-4740-A95B-CB08B5EF2C8B}.Debug|Any CPU.Build.0 = Debug|Any CPU
		{5E693A9D-F2FF-4740-A95B-CB08B5EF2C8B}.Release_Ubuntu|Any CPU.ActiveCfg = Release|Any CPU
		{5E693A9D-F2FF-4740-A95B-CB08B5EF2C8B}.Release_Ubuntu|Any CPU.Build.0 = Release|Any CPU
		{5E693A9D-F2FF-4740-A95B-CB08B5EF2C8B}.Release|Any CPU.ActiveCfg = Release|Any CPU
		{5E693A9D-F2FF-4740-A95B-CB08B5EF2C8B}.Release|Any CPU.Build.0 = Release|Any CPU
		{74FAAD3B-B66C-40BD-ACD3-C8BAEA47B8A4}.Debug_Ubuntu|Any CPU.ActiveCfg = Debug|Any CPU
		{74FAAD3B-B66C-40BD-ACD3-C8BAEA47B8A4}.Debug_Ubuntu|Any CPU.Build.0 = Debug|Any CPU
		{74FAAD3B-B66C-40BD-ACD3-C8BAEA47B8A4}.Debug|Any CPU.ActiveCfg = Debug|Any CPU
		{74FAAD3B-B66C-40BD-ACD3-C8BAEA47B8A4}.Debug|Any CPU.Build.0 = Debug|Any CPU
		{74FAAD3B-B66C-40BD-ACD3-C8BAEA47B8A4}.Release_Ubuntu|Any CPU.ActiveCfg = Release|Any CPU
		{74FAAD3B-B66C-40BD-ACD3-C8BAEA47B8A4}.Release_Ubuntu|Any CPU.Build.0 = Release|Any CPU
		{74FAAD3B-B66C-40BD-ACD3-C8BAEA47B8A4}.Release|Any CPU.ActiveCfg = Release|Any CPU
		{74FAAD3B-B66C-40BD-ACD3-C8BAEA47B8A4}.Release|Any CPU.Build.0 = Release|Any CPU
		{78E37AB9-1A85-4E08-8F72-FA3BC098A4AF}.Debug_Ubuntu|Any CPU.ActiveCfg = Debug|Any CPU
		{78E37AB9-1A85-4E08-8F72-FA3BC098A4AF}.Debug_Ubuntu|Any CPU.Build.0 = Debug|Any CPU
		{78E37AB9-1A85-4E08-8F72-FA3BC098A4AF}.Debug|Any CPU.ActiveCfg = Debug|Any CPU
		{78E37AB9-1A85-4E08-8F72-FA3BC098A4AF}.Debug|Any CPU.Build.0 = Debug|Any CPU
		{78E37AB9-1A85-4E08-8F72-FA3BC098A4AF}.Release_Ubuntu|Any CPU.ActiveCfg = Release|Any CPU
		{78E37AB9-1A85-4E08-8F72-FA3BC098A4AF}.Release_Ubuntu|Any CPU.Build.0 = Release|Any CPU
		{78E37AB9-1A85-4E08-8F72-FA3BC098A4AF}.Release|Any CPU.ActiveCfg = Release|Any CPU
		{78E37AB9-1A85-4E08-8F72-FA3BC098A4AF}.Release|Any CPU.Build.0 = Release|Any CPU
		{B357BAC7-529E-4D81-A0D2-71041B19C8DE}.Debug_Ubuntu|Any CPU.ActiveCfg = Debug_Ubuntu|Any CPU
		{B357BAC7-529E-4D81-A0D2-71041B19C8DE}.Debug_Ubuntu|Any CPU.Build.0 = Debug_Ubuntu|Any CPU
		{B357BAC7-529E-4D81-A0D2-71041B19C8DE}.Debug|Any CPU.ActiveCfg = Debug|Any CPU
		{B357BAC7-529E-4D81-A0D2-71041B19C8DE}.Debug|Any CPU.Build.0 = Debug|Any CPU
		{B357BAC7-529E-4D81-A0D2-71041B19C8DE}.Release_Ubuntu|Any CPU.ActiveCfg = Release_Ubuntu|Any CPU
		{B357BAC7-529E-4D81-A0D2-71041B19C8DE}.Release_Ubuntu|Any CPU.Build.0 = Release_Ubuntu|Any CPU
		{B357BAC7-529E-4D81-A0D2-71041B19C8DE}.Release|Any CPU.ActiveCfg = Release|Any CPU
		{B357BAC7-529E-4D81-A0D2-71041B19C8DE}.Release|Any CPU.Build.0 = Release|Any CPU
		{50A53291-821F-4460-993E-983A40E603EF}.Debug_Ubuntu|Any CPU.ActiveCfg = Debug|Any CPU
		{50A53291-821F-4460-993E-983A40E603EF}.Debug_Ubuntu|Any CPU.Build.0 = Debug|Any CPU
		{50A53291-821F-4460-993E-983A40E603EF}.Debug|Any CPU.ActiveCfg = Debug|Any CPU
		{50A53291-821F-4460-993E-983A40E603EF}.Debug|Any CPU.Build.0 = Debug|Any CPU
		{50A53291-821F-4460-993E-983A40E603EF}.Release_Ubuntu|Any CPU.ActiveCfg = Release|Any CPU
		{50A53291-821F-4460-993E-983A40E603EF}.Release_Ubuntu|Any CPU.Build.0 = Release|Any CPU
		{50A53291-821F-4460-993E-983A40E603EF}.Release|Any CPU.ActiveCfg = Release|Any CPU
		{50A53291-821F-4460-993E-983A40E603EF}.Release|Any CPU.Build.0 = Release|Any CPU
		{23B1ADCA-39FF-4FBF-B336-770FB124C9F8}.Debug_Ubuntu|Any CPU.ActiveCfg = Debug|Any CPU
		{23B1ADCA-39FF-4FBF-B336-770FB124C9F8}.Debug_Ubuntu|Any CPU.Build.0 = Debug|Any CPU
		{23B1ADCA-39FF-4FBF-B336-770FB124C9F8}.Debug|Any CPU.ActiveCfg = Debug|Any CPU
		{23B1ADCA-39FF-4FBF-B336-770FB124C9F8}.Debug|Any CPU.Build.0 = Debug|Any CPU
		{23B1ADCA-39FF-4FBF-B336-770FB124C9F8}.Release_Ubuntu|Any CPU.ActiveCfg = Release|Any CPU
		{23B1ADCA-39FF-4FBF-B336-770FB124C9F8}.Release_Ubuntu|Any CPU.Build.0 = Release|Any CPU
		{23B1ADCA-39FF-4FBF-B336-770FB124C9F8}.Release|Any CPU.ActiveCfg = Release|Any CPU
		{23B1ADCA-39FF-4FBF-B336-770FB124C9F8}.Release|Any CPU.Build.0 = Release|Any CPU
		{4846204E-E40A-4ABE-AB71-8CFED0CB1567}.Debug_Ubuntu|Any CPU.ActiveCfg = Debug|Any CPU
		{4846204E-E40A-4ABE-AB71-8CFED0CB1567}.Debug_Ubuntu|Any CPU.Build.0 = Debug|Any CPU
		{4846204E-E40A-4ABE-AB71-8CFED0CB1567}.Debug|Any CPU.ActiveCfg = Debug|Any CPU
		{4846204E-E40A-4ABE-AB71-8CFED0CB1567}.Debug|Any CPU.Build.0 = Debug|Any CPU
		{4846204E-E40A-4ABE-AB71-8CFED0CB1567}.Release_Ubuntu|Any CPU.ActiveCfg = Release|Any CPU
		{4846204E-E40A-4ABE-AB71-8CFED0CB1567}.Release_Ubuntu|Any CPU.Build.0 = Release|Any CPU
		{4846204E-E40A-4ABE-AB71-8CFED0CB1567}.Release|Any CPU.ActiveCfg = Release|Any CPU
		{4846204E-E40A-4ABE-AB71-8CFED0CB1567}.Release|Any CPU.Build.0 = Release|Any CPU
		{5AC4DD03-DAAF-4572-BF5D-8D2B024645CD}.Debug_Ubuntu|Any CPU.ActiveCfg = Debug|Any CPU
		{5AC4DD03-DAAF-4572-BF5D-8D2B024645CD}.Debug_Ubuntu|Any CPU.Build.0 = Debug|Any CPU
		{5AC4DD03-DAAF-4572-BF5D-8D2B024645CD}.Debug|Any CPU.ActiveCfg = Debug|Any CPU
		{5AC4DD03-DAAF-4572-BF5D-8D2B024645CD}.Debug|Any CPU.Build.0 = Debug|Any CPU
		{5AC4DD03-DAAF-4572-BF5D-8D2B024645CD}.Release_Ubuntu|Any CPU.ActiveCfg = Release|Any CPU
		{5AC4DD03-DAAF-4572-BF5D-8D2B024645CD}.Release_Ubuntu|Any CPU.Build.0 = Release|Any CPU
		{5AC4DD03-DAAF-4572-BF5D-8D2B024645CD}.Release|Any CPU.ActiveCfg = Release|Any CPU
		{5AC4DD03-DAAF-4572-BF5D-8D2B024645CD}.Release|Any CPU.Build.0 = Release|Any CPU
		{5D3B68EB-0764-49D9-A5D4-1216AEDEFEAA}.Debug_Ubuntu|Any CPU.ActiveCfg = Debug|Any CPU
		{5D3B68EB-0764-49D9-A5D4-1216AEDEFEAA}.Debug_Ubuntu|Any CPU.Build.0 = Debug|Any CPU
		{5D3B68EB-0764-49D9-A5D4-1216AEDEFEAA}.Debug|Any CPU.ActiveCfg = Debug|Any CPU
		{5D3B68EB-0764-49D9-A5D4-1216AEDEFEAA}.Debug|Any CPU.Build.0 = Debug|Any CPU
		{5D3B68EB-0764-49D9-A5D4-1216AEDEFEAA}.Release_Ubuntu|Any CPU.ActiveCfg = Release|Any CPU
		{5D3B68EB-0764-49D9-A5D4-1216AEDEFEAA}.Release_Ubuntu|Any CPU.Build.0 = Release|Any CPU
		{5D3B68EB-0764-49D9-A5D4-1216AEDEFEAA}.Release|Any CPU.ActiveCfg = Release|Any CPU
		{5D3B68EB-0764-49D9-A5D4-1216AEDEFEAA}.Release|Any CPU.Build.0 = Release|Any CPU
		{F0D291A0-D1C7-4148-BF1A-407396510C06}.Debug_Ubuntu|Any CPU.ActiveCfg = Debug|Any CPU
		{F0D291A0-D1C7-4148-BF1A-407396510C06}.Debug_Ubuntu|Any CPU.Build.0 = Debug|Any CPU
		{F0D291A0-D1C7-4148-BF1A-407396510C06}.Debug|Any CPU.ActiveCfg = Debug|Any CPU
		{F0D291A0-D1C7-4148-BF1A-407396510C06}.Debug|Any CPU.Build.0 = Debug|Any CPU
		{F0D291A0-D1C7-4148-BF1A-407396510C06}.Release_Ubuntu|Any CPU.ActiveCfg = Release|Any CPU
		{F0D291A0-D1C7-4148-BF1A-407396510C06}.Release_Ubuntu|Any CPU.Build.0 = Release|Any CPU
		{F0D291A0-D1C7-4148-BF1A-407396510C06}.Release|Any CPU.ActiveCfg = Release|Any CPU
		{F0D291A0-D1C7-4148-BF1A-407396510C06}.Release|Any CPU.Build.0 = Release|Any CPU
		{0AA07A12-6361-4BD7-9A24-87690A3AEACE}.Debug_Ubuntu|Any CPU.ActiveCfg = Debug|Any CPU
		{0AA07A12-6361-4BD7-9A24-87690A3AEACE}.Debug_Ubuntu|Any CPU.Build.0 = Debug|Any CPU
		{0AA07A12-6361-4BD7-9A24-87690A3AEACE}.Debug|Any CPU.ActiveCfg = Debug|Any CPU
		{0AA07A12-6361-4BD7-9A24-87690A3AEACE}.Debug|Any CPU.Build.0 = Debug|Any CPU
		{0AA07A12-6361-4BD7-9A24-87690A3AEACE}.Release_Ubuntu|Any CPU.ActiveCfg = Release|Any CPU
		{0AA07A12-6361-4BD7-9A24-87690A3AEACE}.Release_Ubuntu|Any CPU.Build.0 = Release|Any CPU
		{0AA07A12-6361-4BD7-9A24-87690A3AEACE}.Release|Any CPU.ActiveCfg = Release|Any CPU
		{0AA07A12-6361-4BD7-9A24-87690A3AEACE}.Release|Any CPU.Build.0 = Release|Any CPU
		{93C2A8EA-73D2-43C4-BED7-362C650C709A}.Debug_Ubuntu|Any CPU.ActiveCfg = Debug|Any CPU
		{93C2A8EA-73D2-43C4-BED7-362C650C709A}.Debug_Ubuntu|Any CPU.Build.0 = Debug|Any CPU
		{93C2A8EA-73D2-43C4-BED7-362C650C709A}.Debug|Any CPU.ActiveCfg = Debug|Any CPU
		{93C2A8EA-73D2-43C4-BED7-362C650C709A}.Debug|Any CPU.Build.0 = Debug|Any CPU
		{93C2A8EA-73D2-43C4-BED7-362C650C709A}.Release_Ubuntu|Any CPU.ActiveCfg = Release|Any CPU
		{93C2A8EA-73D2-43C4-BED7-362C650C709A}.Release_Ubuntu|Any CPU.Build.0 = Release|Any CPU
		{93C2A8EA-73D2-43C4-BED7-362C650C709A}.Release|Any CPU.ActiveCfg = Release|Any CPU
		{93C2A8EA-73D2-43C4-BED7-362C650C709A}.Release|Any CPU.Build.0 = Release|Any CPU
	EndGlobalSection
	GlobalSection(SolutionProperties) = preSolution
		HideSolutionNode = FALSE
	EndGlobalSection
EndGlobal
