
Microsoft Visual Studio Solution File, Format Version 12.00
# Visual Studio Version 16
VisualStudioVersion = 16.0.29324.140
MinimumVisualStudioVersion = 15.0.26124.0
Project("{9A19103F-16F7-4668-BE54-9A1E7A4F7556}") = "BluetoothSerialClientTool.NetCore", "BluetoothSerialClientTool\BluetoothSerialClientTool.NetCore.csproj", "{B1D03573-768C-459E-9A5F-3E9CC7DE4D48}"
EndProject
Project("{9A19103F-16F7-4668-BE54-9A1E7A4F7556}") = "BluetoothSerialServerTool.NetCore", "BluetoothSerialServerTool\BluetoothSerialServerTool.NetCore.csproj", "{46CA4DC8-0BE3-484C-9427-8665ADA2268B}"
EndProject
Project("{9A19103F-16F7-4668-BE54-9A1E7A4F7556}") = "Common.NetCore", "Common\Common.NetCore.csproj", "{F039B3D9-CE72-439D-A484-9A85369936A6}"
EndProject
Project("{9A19103F-16F7-4668-BE54-9A1E7A4F7556}") = "EncodingTool.NetCore", "EncodingTool\EncodingTool.NetCore.csproj", "{B975A0D9-0491-4175-AC1C-2AB1B82BC26B}"
EndProject
Project("{9A19103F-16F7-4668-BE54-9A1E7A4F7556}") = "HttpListenerTool.NetCore", "HttpListenerTool\HttpListenerTool.NetCore.csproj", "{78390AA2-BA9F-47F4-A7A4-62422A018F8A}"
EndProject
Project("{9A19103F-16F7-4668-BE54-9A1E7A4F7556}") = "HttpRequestTool.NetCore", "HttpRequestTool\HttpRequestTool.NetCore.csproj", "{3EBC7BA8-205B-4A62-9309-E4D0A6672F28}"
EndProject
Project("{9A19103F-16F7-4668-BE54-9A1E7A4F7556}") = "IcmpTool.NetCore", "IcmpTool\IcmpTool.NetCore.csproj", "{C41F2D83-E993-42E6-8C52-7B6C96F7A908}"
EndProject
Project("{9A19103F-16F7-4668-BE54-9A1E7A4F7556}") = "RouteTool.NetCore", "RouteTool\RouteTool.NetCore.csproj", "{EC2EF20C-68FD-42EA-ACDD-D0CA46401435}"
EndProject
Project("{9A19103F-16F7-4668-BE54-9A1E7A4F7556}") = "SerialTool.NetCore", "SerialTool\SerialTool.NetCore.csproj", "{29E87C87-639B-471C-89C8-B40E7A8B749F}"
EndProject
Project("{9A19103F-16F7-4668-BE54-9A1E7A4F7556}") = "SmtpClientTool.NetCore", "SmtpClientTool\SmtpClientTool.NetCore.csproj", "{716EAC04-3A66-4245-8310-8F7945F64190}"
EndProject
Project("{9A19103F-16F7-4668-BE54-9A1E7A4F7556}") = "SmtpServerTool.NetCore", "SmtpServerTool\SmtpServerTool.NetCore.csproj", "{E473BC2A-BA3F-4A4F-80B3-F5AB2C87E9E2}"
EndProject
Project("{9A19103F-16F7-4668-BE54-9A1E7A4F7556}") = "SnifferTool.NetCore", "SnifferTool\SnifferTool.NetCore.csproj", "{32AF783B-734D-4272-BC83-B05276C05D6C}"
EndProject
Project("{9A19103F-16F7-4668-BE54-9A1E7A4F7556}") = "TcpClientTool.NetCore", "TcpClientTool\TcpClientTool.NetCore.csproj", "{0F80862C-658C-4125-939A-22A85C363EA6}"
EndProject
Project("{9A19103F-16F7-4668-BE54-9A1E7A4F7556}") = "TcpListenerTool.NetCore", "TcpListenerTool\TcpListenerTool.NetCore.csproj", "{400D0FC1-B88F-4B77-9BEB-5B280FA035B1}"
EndProject
Project("{9A19103F-16F7-4668-BE54-9A1E7A4F7556}") = "UdpTool.NetCore", "UdpTool\UdpTool.NetCore.csproj", "{6AE9FCEF-FB4B-49C1-9F6B-04B035073E48}"
EndProject
Project("{9A19103F-16F7-4668-BE54-9A1E7A4F7556}") = "WebSocketTool.NetCore", "WebSocketTool\WebSocketTool.NetCore.csproj", "{32C5A411-5209-47F1-B8FB-81D5BFA37AE1}"
EndProject
Project("{9A19103F-16F7-4668-BE54-9A1E7A4F7556}") = "GitTool.NetCore", "GitTool\GitTool.NetCore.csproj", "{E9F2470F-5973-4286-B6D4-3BCEC778169C}"
EndProject
Project("{9A19103F-16F7-4668-BE54-9A1E7A4F7556}") = "MqttClientTool.NetCore", "MqttClientTool\MqttClientTool.NetCore.csproj", "{94E5350E-52A5-4F7A-BA8B-37C596F53660}"
EndProject
Project("{9A19103F-16F7-4668-BE54-9A1E7A4F7556}") = "GitLabTool.NetCore", "GitLabTool\GitLabTool.NetCore.csproj", "{91CD383D-D7F2-44D3-A5D6-C3FF90845415}"
EndProject
Project("{9A19103F-16F7-4668-BE54-9A1E7A4F7556}") = "AmqpClientTool.NetCore", "AmqpClientTool\AmqpClientTool.NetCore.csproj", "{19754394-13B8-4955-B621-B39BF4C27BAC}"
EndProject
Project("{9A19103F-16F7-4668-BE54-9A1E7A4F7556}") = "KafkaClientTool.NetCore", "KafkaClientTool\KafkaClientTool.NetCore.csproj", "{1A12DF3A-0170-4C46-A2F3-1D9EC17A6A31}"
EndProject
Project("{9A19103F-16F7-4668-BE54-9A1E7A4F7556}") = "AzureEventHubClientTool.NetCore", "AzureEventHubClientTool\AzureEventHubClientTool.NetCore.csproj", "{E12B9BFC-A431-46D8-AD33-FEBD51F324AC}"
EndProject
Project("{9A19103F-16F7-4668-BE54-9A1E7A4F7556}") = "Launcher.NetCore", "Launcher\Launcher.NetCore.csproj", "{C3AF0F60-896D-4C78-BEEA-7D1116B3D510}"
EndProject
Project("{9A19103F-16F7-4668-BE54-9A1E7A4F7556}") = "WebSocketServerTool.NetCore", "WebSocketServerTool\WebSocketServerTool.NetCore.csproj", "{0136EC5E-689B-4404-8E89-67A65CC9FCF0}"
EndProject
Project("{9A19103F-16F7-4668-BE54-9A1E7A4F7556}") = "FirewallTool.NetCore", "FirewallTool\FirewallTool.NetCore.csproj", "{A7FD0420-FEE8-42AB-8E66-7D10ED2E4D5E}"
EndProject
Project("{9A19103F-16F7-4668-BE54-9A1E7A4F7556}") = "FontTool.NetCore", "FontTool\FontTool.NetCore.csproj", "{CD4AC146-A43D-42DF-A69C-12273F8F9BEB}"
EndProject
Project("{2150E333-8FDC-42A3-9474-1A3956D46DE8}") = "Solution Items", "Solution Items", "{C9A2A647-2333-4E20-90F4-3B23297DF65A}"
EndProject
Project("{9A19103F-16F7-4668-BE54-9A1E7A4F7556}") = "GlobalizationTool.NetCore", "GlobalizationTool\GlobalizationTool.NetCore.csproj", "{5B8FE274-A9E3-4B6F-AD78-CE7F3C101E8E}"
EndProject
Project("{8BC9CEB8-8B4A-11D0-8D11-00A0C91BC942}") = "Native.NetCore", "Native\Native.NetCore.vcxproj", "{DF92B282-4505-484B-9BD9-A9E125CA607D}"
EndProject
Project("{9A19103F-16F7-4668-BE54-9A1E7A4F7556}") = "HidTool.NetCore", "HidTool\HidTool.NetCore.csproj", "{6E7C56A3-BAEF-4714-9B09-52393A2B9CA5}"
EndProject
Project("{9A19103F-16F7-4668-BE54-9A1E7A4F7556}") = "NotificationTool.NetCore", "NotificationTool\NotificationTool.NetCore.csproj", "{9A4C29EE-E4FF-4A8B-B42B-3D10A70E1982}"
EndProject
Global
	GlobalSection(SolutionConfigurationPlatforms) = preSolution
		Debug|Any CPU = Debug|Any CPU
		Debug|x64 = Debug|x64
		Debug|x86 = Debug|x86
		Release|Any CPU = Release|Any CPU
		Release|x64 = Release|x64
		Release|x86 = Release|x86
	EndGlobalSection
	GlobalSection(ProjectConfigurationPlatforms) = postSolution
		{B1D03573-768C-459E-9A5F-3E9CC7DE4D48}.Debug|Any CPU.ActiveCfg = Debug|Any CPU
		{B1D03573-768C-459E-9A5F-3E9CC7DE4D48}.Debug|Any CPU.Build.0 = Debug|Any CPU
		{B1D03573-768C-459E-9A5F-3E9CC7DE4D48}.Debug|x64.ActiveCfg = Debug|Any CPU
		{B1D03573-768C-459E-9A5F-3E9CC7DE4D48}.Debug|x64.Build.0 = Debug|Any CPU
		{B1D03573-768C-459E-9A5F-3E9CC7DE4D48}.Debug|x86.ActiveCfg = Debug|Any CPU
		{B1D03573-768C-459E-9A5F-3E9CC7DE4D48}.Debug|x86.Build.0 = Debug|Any CPU
		{B1D03573-768C-459E-9A5F-3E9CC7DE4D48}.Release|Any CPU.ActiveCfg = Release|Any CPU
		{B1D03573-768C-459E-9A5F-3E9CC7DE4D48}.Release|Any CPU.Build.0 = Release|Any CPU
		{B1D03573-768C-459E-9A5F-3E9CC7DE4D48}.Release|x64.ActiveCfg = Release|Any CPU
		{B1D03573-768C-459E-9A5F-3E9CC7DE4D48}.Release|x64.Build.0 = Release|Any CPU
		{B1D03573-768C-459E-9A5F-3E9CC7DE4D48}.Release|x86.ActiveCfg = Release|Any CPU
		{B1D03573-768C-459E-9A5F-3E9CC7DE4D48}.Release|x86.Build.0 = Release|Any CPU
		{46CA4DC8-0BE3-484C-9427-8665ADA2268B}.Debug|Any CPU.ActiveCfg = Debug|Any CPU
		{46CA4DC8-0BE3-484C-9427-8665ADA2268B}.Debug|Any CPU.Build.0 = Debug|Any CPU
		{46CA4DC8-0BE3-484C-9427-8665ADA2268B}.Debug|x64.ActiveCfg = Debug|Any CPU
		{46CA4DC8-0BE3-484C-9427-8665ADA2268B}.Debug|x64.Build.0 = Debug|Any CPU
		{46CA4DC8-0BE3-484C-9427-8665ADA2268B}.Debug|x86.ActiveCfg = Debug|Any CPU
		{46CA4DC8-0BE3-484C-9427-8665ADA2268B}.Debug|x86.Build.0 = Debug|Any CPU
		{46CA4DC8-0BE3-484C-9427-8665ADA2268B}.Release|Any CPU.ActiveCfg = Release|Any CPU
		{46CA4DC8-0BE3-484C-9427-8665ADA2268B}.Release|Any CPU.Build.0 = Release|Any CPU
		{46CA4DC8-0BE3-484C-9427-8665ADA2268B}.Release|x64.ActiveCfg = Release|Any CPU
		{46CA4DC8-0BE3-484C-9427-8665ADA2268B}.Release|x64.Build.0 = Release|Any CPU
		{46CA4DC8-0BE3-484C-9427-8665ADA2268B}.Release|x86.ActiveCfg = Release|Any CPU
		{46CA4DC8-0BE3-484C-9427-8665ADA2268B}.Release|x86.Build.0 = Release|Any CPU
		{F039B3D9-CE72-439D-A484-9A85369936A6}.Debug|Any CPU.ActiveCfg = Debug|Any CPU
		{F039B3D9-CE72-439D-A484-9A85369936A6}.Debug|Any CPU.Build.0 = Debug|Any CPU
		{F039B3D9-CE72-439D-A484-9A85369936A6}.Debug|x64.ActiveCfg = Debug|Any CPU
		{F039B3D9-CE72-439D-A484-9A85369936A6}.Debug|x64.Build.0 = Debug|Any CPU
		{F039B3D9-CE72-439D-A484-9A85369936A6}.Debug|x86.ActiveCfg = Debug|Any CPU
		{F039B3D9-CE72-439D-A484-9A85369936A6}.Debug|x86.Build.0 = Debug|Any CPU
		{F039B3D9-CE72-439D-A484-9A85369936A6}.Release|Any CPU.ActiveCfg = Release|Any CPU
		{F039B3D9-CE72-439D-A484-9A85369936A6}.Release|Any CPU.Build.0 = Release|Any CPU
		{F039B3D9-CE72-439D-A484-9A85369936A6}.Release|x64.ActiveCfg = Release|Any CPU
		{F039B3D9-CE72-439D-A484-9A85369936A6}.Release|x64.Build.0 = Release|Any CPU
		{F039B3D9-CE72-439D-A484-9A85369936A6}.Release|x86.ActiveCfg = Release|Any CPU
		{F039B3D9-CE72-439D-A484-9A85369936A6}.Release|x86.Build.0 = Release|Any CPU
		{B975A0D9-0491-4175-AC1C-2AB1B82BC26B}.Debug|Any CPU.ActiveCfg = Debug|Any CPU
		{B975A0D9-0491-4175-AC1C-2AB1B82BC26B}.Debug|Any CPU.Build.0 = Debug|Any CPU
		{B975A0D9-0491-4175-AC1C-2AB1B82BC26B}.Debug|x64.ActiveCfg = Debug|Any CPU
		{B975A0D9-0491-4175-AC1C-2AB1B82BC26B}.Debug|x64.Build.0 = Debug|Any CPU
		{B975A0D9-0491-4175-AC1C-2AB1B82BC26B}.Debug|x86.ActiveCfg = Debug|Any CPU
		{B975A0D9-0491-4175-AC1C-2AB1B82BC26B}.Debug|x86.Build.0 = Debug|Any CPU
		{B975A0D9-0491-4175-AC1C-2AB1B82BC26B}.Release|Any CPU.ActiveCfg = Release|Any CPU
		{B975A0D9-0491-4175-AC1C-2AB1B82BC26B}.Release|Any CPU.Build.0 = Release|Any CPU
		{B975A0D9-0491-4175-AC1C-2AB1B82BC26B}.Release|x64.ActiveCfg = Release|Any CPU
		{B975A0D9-0491-4175-AC1C-2AB1B82BC26B}.Release|x64.Build.0 = Release|Any CPU
		{B975A0D9-0491-4175-AC1C-2AB1B82BC26B}.Release|x86.ActiveCfg = Release|Any CPU
		{B975A0D9-0491-4175-AC1C-2AB1B82BC26B}.Release|x86.Build.0 = Release|Any CPU
		{78390AA2-BA9F-47F4-A7A4-62422A018F8A}.Debug|Any CPU.ActiveCfg = Debug|Any CPU
		{78390AA2-BA9F-47F4-A7A4-62422A018F8A}.Debug|Any CPU.Build.0 = Debug|Any CPU
		{78390AA2-BA9F-47F4-A7A4-62422A018F8A}.Debug|x64.ActiveCfg = Debug|Any CPU
		{78390AA2-BA9F-47F4-A7A4-62422A018F8A}.Debug|x64.Build.0 = Debug|Any CPU
		{78390AA2-BA9F-47F4-A7A4-62422A018F8A}.Debug|x86.ActiveCfg = Debug|Any CPU
		{78390AA2-BA9F-47F4-A7A4-62422A018F8A}.Debug|x86.Build.0 = Debug|Any CPU
		{78390AA2-BA9F-47F4-A7A4-62422A018F8A}.Release|Any CPU.ActiveCfg = Release|Any CPU
		{78390AA2-BA9F-47F4-A7A4-62422A018F8A}.Release|Any CPU.Build.0 = Release|Any CPU
		{78390AA2-BA9F-47F4-A7A4-62422A018F8A}.Release|x64.ActiveCfg = Release|Any CPU
		{78390AA2-BA9F-47F4-A7A4-62422A018F8A}.Release|x64.Build.0 = Release|Any CPU
		{78390AA2-BA9F-47F4-A7A4-62422A018F8A}.Release|x86.ActiveCfg = Release|Any CPU
		{78390AA2-BA9F-47F4-A7A4-62422A018F8A}.Release|x86.Build.0 = Release|Any CPU
		{3EBC7BA8-205B-4A62-9309-E4D0A6672F28}.Debug|Any CPU.ActiveCfg = Debug|Any CPU
		{3EBC7BA8-205B-4A62-9309-E4D0A6672F28}.Debug|Any CPU.Build.0 = Debug|Any CPU
		{3EBC7BA8-205B-4A62-9309-E4D0A6672F28}.Debug|x64.ActiveCfg = Debug|Any CPU
		{3EBC7BA8-205B-4A62-9309-E4D0A6672F28}.Debug|x64.Build.0 = Debug|Any CPU
		{3EBC7BA8-205B-4A62-9309-E4D0A6672F28}.Debug|x86.ActiveCfg = Debug|Any CPU
		{3EBC7BA8-205B-4A62-9309-E4D0A6672F28}.Debug|x86.Build.0 = Debug|Any CPU
		{3EBC7BA8-205B-4A62-9309-E4D0A6672F28}.Release|Any CPU.ActiveCfg = Release|Any CPU
		{3EBC7BA8-205B-4A62-9309-E4D0A6672F28}.Release|Any CPU.Build.0 = Release|Any CPU
		{3EBC7BA8-205B-4A62-9309-E4D0A6672F28}.Release|x64.ActiveCfg = Release|Any CPU
		{3EBC7BA8-205B-4A62-9309-E4D0A6672F28}.Release|x64.Build.0 = Release|Any CPU
		{3EBC7BA8-205B-4A62-9309-E4D0A6672F28}.Release|x86.ActiveCfg = Release|Any CPU
		{3EBC7BA8-205B-4A62-9309-E4D0A6672F28}.Release|x86.Build.0 = Release|Any CPU
		{C41F2D83-E993-42E6-8C52-7B6C96F7A908}.Debug|Any CPU.ActiveCfg = Debug|Any CPU
		{C41F2D83-E993-42E6-8C52-7B6C96F7A908}.Debug|Any CPU.Build.0 = Debug|Any CPU
		{C41F2D83-E993-42E6-8C52-7B6C96F7A908}.Debug|x64.ActiveCfg = Debug|Any CPU
		{C41F2D83-E993-42E6-8C52-7B6C96F7A908}.Debug|x64.Build.0 = Debug|Any CPU
		{C41F2D83-E993-42E6-8C52-7B6C96F7A908}.Debug|x86.ActiveCfg = Debug|Any CPU
		{C41F2D83-E993-42E6-8C52-7B6C96F7A908}.Debug|x86.Build.0 = Debug|Any CPU
		{C41F2D83-E993-42E6-8C52-7B6C96F7A908}.Release|Any CPU.ActiveCfg = Release|Any CPU
		{C41F2D83-E993-42E6-8C52-7B6C96F7A908}.Release|Any CPU.Build.0 = Release|Any CPU
		{C41F2D83-E993-42E6-8C52-7B6C96F7A908}.Release|x64.ActiveCfg = Release|Any CPU
		{C41F2D83-E993-42E6-8C52-7B6C96F7A908}.Release|x64.Build.0 = Release|Any CPU
		{C41F2D83-E993-42E6-8C52-7B6C96F7A908}.Release|x86.ActiveCfg = Release|Any CPU
		{C41F2D83-E993-42E6-8C52-7B6C96F7A908}.Release|x86.Build.0 = Release|Any CPU
		{EC2EF20C-68FD-42EA-ACDD-D0CA46401435}.Debug|Any CPU.ActiveCfg = Debug|Any CPU
		{EC2EF20C-68FD-42EA-ACDD-D0CA46401435}.Debug|Any CPU.Build.0 = Debug|Any CPU
		{EC2EF20C-68FD-42EA-ACDD-D0CA46401435}.Debug|x64.ActiveCfg = Debug|Any CPU
		{EC2EF20C-68FD-42EA-ACDD-D0CA46401435}.Debug|x64.Build.0 = Debug|Any CPU
		{EC2EF20C-68FD-42EA-ACDD-D0CA46401435}.Debug|x86.ActiveCfg = Debug|Any CPU
		{EC2EF20C-68FD-42EA-ACDD-D0CA46401435}.Debug|x86.Build.0 = Debug|Any CPU
		{EC2EF20C-68FD-42EA-ACDD-D0CA46401435}.Release|Any CPU.ActiveCfg = Release|Any CPU
		{EC2EF20C-68FD-42EA-ACDD-D0CA46401435}.Release|Any CPU.Build.0 = Release|Any CPU
		{EC2EF20C-68FD-42EA-ACDD-D0CA46401435}.Release|x64.ActiveCfg = Release|Any CPU
		{EC2EF20C-68FD-42EA-ACDD-D0CA46401435}.Release|x64.Build.0 = Release|Any CPU
		{EC2EF20C-68FD-42EA-ACDD-D0CA46401435}.Release|x86.ActiveCfg = Release|Any CPU
		{EC2EF20C-68FD-42EA-ACDD-D0CA46401435}.Release|x86.Build.0 = Release|Any CPU
		{29E87C87-639B-471C-89C8-B40E7A8B749F}.Debug|Any CPU.ActiveCfg = Debug|Any CPU
		{29E87C87-639B-471C-89C8-B40E7A8B749F}.Debug|Any CPU.Build.0 = Debug|Any CPU
		{29E87C87-639B-471C-89C8-B40E7A8B749F}.Debug|x64.ActiveCfg = Debug|Any CPU
		{29E87C87-639B-471C-89C8-B40E7A8B749F}.Debug|x64.Build.0 = Debug|Any CPU
		{29E87C87-639B-471C-89C8-B40E7A8B749F}.Debug|x86.ActiveCfg = Debug|Any CPU
		{29E87C87-639B-471C-89C8-B40E7A8B749F}.Debug|x86.Build.0 = Debug|Any CPU
		{29E87C87-639B-471C-89C8-B40E7A8B749F}.Release|Any CPU.ActiveCfg = Release|Any CPU
		{29E87C87-639B-471C-89C8-B40E7A8B749F}.Release|Any CPU.Build.0 = Release|Any CPU
		{29E87C87-639B-471C-89C8-B40E7A8B749F}.Release|x64.ActiveCfg = Release|Any CPU
		{29E87C87-639B-471C-89C8-B40E7A8B749F}.Release|x64.Build.0 = Release|Any CPU
		{29E87C87-639B-471C-89C8-B40E7A8B749F}.Release|x86.ActiveCfg = Release|Any CPU
		{29E87C87-639B-471C-89C8-B40E7A8B749F}.Release|x86.Build.0 = Release|Any CPU
		{716EAC04-3A66-4245-8310-8F7945F64190}.Debug|Any CPU.ActiveCfg = Debug|Any CPU
		{716EAC04-3A66-4245-8310-8F7945F64190}.Debug|Any CPU.Build.0 = Debug|Any CPU
		{716EAC04-3A66-4245-8310-8F7945F64190}.Debug|x64.ActiveCfg = Debug|Any CPU
		{716EAC04-3A66-4245-8310-8F7945F64190}.Debug|x64.Build.0 = Debug|Any CPU
		{716EAC04-3A66-4245-8310-8F7945F64190}.Debug|x86.ActiveCfg = Debug|Any CPU
		{716EAC04-3A66-4245-8310-8F7945F64190}.Debug|x86.Build.0 = Debug|Any CPU
		{716EAC04-3A66-4245-8310-8F7945F64190}.Release|Any CPU.ActiveCfg = Release|Any CPU
		{716EAC04-3A66-4245-8310-8F7945F64190}.Release|Any CPU.Build.0 = Release|Any CPU
		{716EAC04-3A66-4245-8310-8F7945F64190}.Release|x64.ActiveCfg = Release|Any CPU
		{716EAC04-3A66-4245-8310-8F7945F64190}.Release|x64.Build.0 = Release|Any CPU
		{716EAC04-3A66-4245-8310-8F7945F64190}.Release|x86.ActiveCfg = Release|Any CPU
		{716EAC04-3A66-4245-8310-8F7945F64190}.Release|x86.Build.0 = Release|Any CPU
		{E473BC2A-BA3F-4A4F-80B3-F5AB2C87E9E2}.Debug|Any CPU.ActiveCfg = Debug|Any CPU
		{E473BC2A-BA3F-4A4F-80B3-F5AB2C87E9E2}.Debug|Any CPU.Build.0 = Debug|Any CPU
		{E473BC2A-BA3F-4A4F-80B3-F5AB2C87E9E2}.Debug|x64.ActiveCfg = Debug|Any CPU
		{E473BC2A-BA3F-4A4F-80B3-F5AB2C87E9E2}.Debug|x64.Build.0 = Debug|Any CPU
		{E473BC2A-BA3F-4A4F-80B3-F5AB2C87E9E2}.Debug|x86.ActiveCfg = Debug|Any CPU
		{E473BC2A-BA3F-4A4F-80B3-F5AB2C87E9E2}.Debug|x86.Build.0 = Debug|Any CPU
		{E473BC2A-BA3F-4A4F-80B3-F5AB2C87E9E2}.Release|Any CPU.ActiveCfg = Release|Any CPU
		{E473BC2A-BA3F-4A4F-80B3-F5AB2C87E9E2}.Release|Any CPU.Build.0 = Release|Any CPU
		{E473BC2A-BA3F-4A4F-80B3-F5AB2C87E9E2}.Release|x64.ActiveCfg = Release|Any CPU
		{E473BC2A-BA3F-4A4F-80B3-F5AB2C87E9E2}.Release|x64.Build.0 = Release|Any CPU
		{E473BC2A-BA3F-4A4F-80B3-F5AB2C87E9E2}.Release|x86.ActiveCfg = Release|Any CPU
		{E473BC2A-BA3F-4A4F-80B3-F5AB2C87E9E2}.Release|x86.Build.0 = Release|Any CPU
		{32AF783B-734D-4272-BC83-B05276C05D6C}.Debug|Any CPU.ActiveCfg = Debug|Any CPU
		{32AF783B-734D-4272-BC83-B05276C05D6C}.Debug|Any CPU.Build.0 = Debug|Any CPU
		{32AF783B-734D-4272-BC83-B05276C05D6C}.Debug|x64.ActiveCfg = Debug|Any CPU
		{32AF783B-734D-4272-BC83-B05276C05D6C}.Debug|x64.Build.0 = Debug|Any CPU
		{32AF783B-734D-4272-BC83-B05276C05D6C}.Debug|x86.ActiveCfg = Debug|Any CPU
		{32AF783B-734D-4272-BC83-B05276C05D6C}.Debug|x86.Build.0 = Debug|Any CPU
		{32AF783B-734D-4272-BC83-B05276C05D6C}.Release|Any CPU.ActiveCfg = Release|Any CPU
		{32AF783B-734D-4272-BC83-B05276C05D6C}.Release|Any CPU.Build.0 = Release|Any CPU
		{32AF783B-734D-4272-BC83-B05276C05D6C}.Release|x64.ActiveCfg = Release|Any CPU
		{32AF783B-734D-4272-BC83-B05276C05D6C}.Release|x64.Build.0 = Release|Any CPU
		{32AF783B-734D-4272-BC83-B05276C05D6C}.Release|x86.ActiveCfg = Release|Any CPU
		{32AF783B-734D-4272-BC83-B05276C05D6C}.Release|x86.Build.0 = Release|Any CPU
		{0F80862C-658C-4125-939A-22A85C363EA6}.Debug|Any CPU.ActiveCfg = Debug|Any CPU
		{0F80862C-658C-4125-939A-22A85C363EA6}.Debug|Any CPU.Build.0 = Debug|Any CPU
		{0F80862C-658C-4125-939A-22A85C363EA6}.Debug|x64.ActiveCfg = Debug|Any CPU
		{0F80862C-658C-4125-939A-22A85C363EA6}.Debug|x64.Build.0 = Debug|Any CPU
		{0F80862C-658C-4125-939A-22A85C363EA6}.Debug|x86.ActiveCfg = Debug|Any CPU
		{0F80862C-658C-4125-939A-22A85C363EA6}.Debug|x86.Build.0 = Debug|Any CPU
		{0F80862C-658C-4125-939A-22A85C363EA6}.Release|Any CPU.ActiveCfg = Release|Any CPU
		{0F80862C-658C-4125-939A-22A85C363EA6}.Release|Any CPU.Build.0 = Release|Any CPU
		{0F80862C-658C-4125-939A-22A85C363EA6}.Release|x64.ActiveCfg = Release|Any CPU
		{0F80862C-658C-4125-939A-22A85C363EA6}.Release|x64.Build.0 = Release|Any CPU
		{0F80862C-658C-4125-939A-22A85C363EA6}.Release|x86.ActiveCfg = Release|Any CPU
		{0F80862C-658C-4125-939A-22A85C363EA6}.Release|x86.Build.0 = Release|Any CPU
		{400D0FC1-B88F-4B77-9BEB-5B280FA035B1}.Debug|Any CPU.ActiveCfg = Debug|Any CPU
		{400D0FC1-B88F-4B77-9BEB-5B280FA035B1}.Debug|Any CPU.Build.0 = Debug|Any CPU
		{400D0FC1-B88F-4B77-9BEB-5B280FA035B1}.Debug|x64.ActiveCfg = Debug|Any CPU
		{400D0FC1-B88F-4B77-9BEB-5B280FA035B1}.Debug|x64.Build.0 = Debug|Any CPU
		{400D0FC1-B88F-4B77-9BEB-5B280FA035B1}.Debug|x86.ActiveCfg = Debug|Any CPU
		{400D0FC1-B88F-4B77-9BEB-5B280FA035B1}.Debug|x86.Build.0 = Debug|Any CPU
		{400D0FC1-B88F-4B77-9BEB-5B280FA035B1}.Release|Any CPU.ActiveCfg = Release|Any CPU
		{400D0FC1-B88F-4B77-9BEB-5B280FA035B1}.Release|Any CPU.Build.0 = Release|Any CPU
		{400D0FC1-B88F-4B77-9BEB-5B280FA035B1}.Release|x64.ActiveCfg = Release|Any CPU
		{400D0FC1-B88F-4B77-9BEB-5B280FA035B1}.Release|x64.Build.0 = Release|Any CPU
		{400D0FC1-B88F-4B77-9BEB-5B280FA035B1}.Release|x86.ActiveCfg = Release|Any CPU
		{400D0FC1-B88F-4B77-9BEB-5B280FA035B1}.Release|x86.Build.0 = Release|Any CPU
		{6AE9FCEF-FB4B-49C1-9F6B-04B035073E48}.Debug|Any CPU.ActiveCfg = Debug|Any CPU
		{6AE9FCEF-FB4B-49C1-9F6B-04B035073E48}.Debug|Any CPU.Build.0 = Debug|Any CPU
		{6AE9FCEF-FB4B-49C1-9F6B-04B035073E48}.Debug|x64.ActiveCfg = Debug|Any CPU
		{6AE9FCEF-FB4B-49C1-9F6B-04B035073E48}.Debug|x64.Build.0 = Debug|Any CPU
		{6AE9FCEF-FB4B-49C1-9F6B-04B035073E48}.Debug|x86.ActiveCfg = Debug|Any CPU
		{6AE9FCEF-FB4B-49C1-9F6B-04B035073E48}.Debug|x86.Build.0 = Debug|Any CPU
		{6AE9FCEF-FB4B-49C1-9F6B-04B035073E48}.Release|Any CPU.ActiveCfg = Release|Any CPU
		{6AE9FCEF-FB4B-49C1-9F6B-04B035073E48}.Release|Any CPU.Build.0 = Release|Any CPU
		{6AE9FCEF-FB4B-49C1-9F6B-04B035073E48}.Release|x64.ActiveCfg = Release|Any CPU
		{6AE9FCEF-FB4B-49C1-9F6B-04B035073E48}.Release|x64.Build.0 = Release|Any CPU
		{6AE9FCEF-FB4B-49C1-9F6B-04B035073E48}.Release|x86.ActiveCfg = Release|Any CPU
		{6AE9FCEF-FB4B-49C1-9F6B-04B035073E48}.Release|x86.Build.0 = Release|Any CPU
		{32C5A411-5209-47F1-B8FB-81D5BFA37AE1}.Debug|Any CPU.ActiveCfg = Debug|Any CPU
		{32C5A411-5209-47F1-B8FB-81D5BFA37AE1}.Debug|Any CPU.Build.0 = Debug|Any CPU
		{32C5A411-5209-47F1-B8FB-81D5BFA37AE1}.Debug|x64.ActiveCfg = Debug|Any CPU
		{32C5A411-5209-47F1-B8FB-81D5BFA37AE1}.Debug|x64.Build.0 = Debug|Any CPU
		{32C5A411-5209-47F1-B8FB-81D5BFA37AE1}.Debug|x86.ActiveCfg = Debug|Any CPU
		{32C5A411-5209-47F1-B8FB-81D5BFA37AE1}.Debug|x86.Build.0 = Debug|Any CPU
		{32C5A411-5209-47F1-B8FB-81D5BFA37AE1}.Release|Any CPU.ActiveCfg = Release|Any CPU
		{32C5A411-5209-47F1-B8FB-81D5BFA37AE1}.Release|Any CPU.Build.0 = Release|Any CPU
		{32C5A411-5209-47F1-B8FB-81D5BFA37AE1}.Release|x64.ActiveCfg = Release|Any CPU
		{32C5A411-5209-47F1-B8FB-81D5BFA37AE1}.Release|x64.Build.0 = Release|Any CPU
		{32C5A411-5209-47F1-B8FB-81D5BFA37AE1}.Release|x86.ActiveCfg = Release|Any CPU
		{32C5A411-5209-47F1-B8FB-81D5BFA37AE1}.Release|x86.Build.0 = Release|Any CPU
		{E9F2470F-5973-4286-B6D4-3BCEC778169C}.Debug|Any CPU.ActiveCfg = Debug|Any CPU
		{E9F2470F-5973-4286-B6D4-3BCEC778169C}.Debug|Any CPU.Build.0 = Debug|Any CPU
		{E9F2470F-5973-4286-B6D4-3BCEC778169C}.Debug|x64.ActiveCfg = Debug|Any CPU
		{E9F2470F-5973-4286-B6D4-3BCEC778169C}.Debug|x64.Build.0 = Debug|Any CPU
		{E9F2470F-5973-4286-B6D4-3BCEC778169C}.Debug|x86.ActiveCfg = Debug|Any CPU
		{E9F2470F-5973-4286-B6D4-3BCEC778169C}.Debug|x86.Build.0 = Debug|Any CPU
		{E9F2470F-5973-4286-B6D4-3BCEC778169C}.Release|Any CPU.ActiveCfg = Release|Any CPU
		{E9F2470F-5973-4286-B6D4-3BCEC778169C}.Release|Any CPU.Build.0 = Release|Any CPU
		{E9F2470F-5973-4286-B6D4-3BCEC778169C}.Release|x64.ActiveCfg = Release|Any CPU
		{E9F2470F-5973-4286-B6D4-3BCEC778169C}.Release|x64.Build.0 = Release|Any CPU
		{E9F2470F-5973-4286-B6D4-3BCEC778169C}.Release|x86.ActiveCfg = Release|Any CPU
		{E9F2470F-5973-4286-B6D4-3BCEC778169C}.Release|x86.Build.0 = Release|Any CPU
		{94E5350E-52A5-4F7A-BA8B-37C596F53660}.Debug|Any CPU.ActiveCfg = Debug|Any CPU
		{94E5350E-52A5-4F7A-BA8B-37C596F53660}.Debug|Any CPU.Build.0 = Debug|Any CPU
		{94E5350E-52A5-4F7A-BA8B-37C596F53660}.Debug|x64.ActiveCfg = Debug|Any CPU
		{94E5350E-52A5-4F7A-BA8B-37C596F53660}.Debug|x64.Build.0 = Debug|Any CPU
		{94E5350E-52A5-4F7A-BA8B-37C596F53660}.Debug|x86.ActiveCfg = Debug|Any CPU
		{94E5350E-52A5-4F7A-BA8B-37C596F53660}.Debug|x86.Build.0 = Debug|Any CPU
		{94E5350E-52A5-4F7A-BA8B-37C596F53660}.Release|Any CPU.ActiveCfg = Release|Any CPU
		{94E5350E-52A5-4F7A-BA8B-37C596F53660}.Release|Any CPU.Build.0 = Release|Any CPU
		{94E5350E-52A5-4F7A-BA8B-37C596F53660}.Release|x64.ActiveCfg = Release|Any CPU
		{94E5350E-52A5-4F7A-BA8B-37C596F53660}.Release|x64.Build.0 = Release|Any CPU
		{94E5350E-52A5-4F7A-BA8B-37C596F53660}.Release|x86.ActiveCfg = Release|Any CPU
		{94E5350E-52A5-4F7A-BA8B-37C596F53660}.Release|x86.Build.0 = Release|Any CPU
		{91CD383D-D7F2-44D3-A5D6-C3FF90845415}.Debug|Any CPU.ActiveCfg = Debug|Any CPU
		{91CD383D-D7F2-44D3-A5D6-C3FF90845415}.Debug|Any CPU.Build.0 = Debug|Any CPU
		{91CD383D-D7F2-44D3-A5D6-C3FF90845415}.Debug|x64.ActiveCfg = Debug|Any CPU
		{91CD383D-D7F2-44D3-A5D6-C3FF90845415}.Debug|x64.Build.0 = Debug|Any CPU
		{91CD383D-D7F2-44D3-A5D6-C3FF90845415}.Debug|x86.ActiveCfg = Debug|Any CPU
		{91CD383D-D7F2-44D3-A5D6-C3FF90845415}.Debug|x86.Build.0 = Debug|Any CPU
		{91CD383D-D7F2-44D3-A5D6-C3FF90845415}.Release|Any CPU.ActiveCfg = Release|Any CPU
		{91CD383D-D7F2-44D3-A5D6-C3FF90845415}.Release|Any CPU.Build.0 = Release|Any CPU
		{91CD383D-D7F2-44D3-A5D6-C3FF90845415}.Release|x64.ActiveCfg = Release|Any CPU
		{91CD383D-D7F2-44D3-A5D6-C3FF90845415}.Release|x64.Build.0 = Release|Any CPU
		{91CD383D-D7F2-44D3-A5D6-C3FF90845415}.Release|x86.ActiveCfg = Release|Any CPU
		{91CD383D-D7F2-44D3-A5D6-C3FF90845415}.Release|x86.Build.0 = Release|Any CPU
		{19754394-13B8-4955-B621-B39BF4C27BAC}.Debug|Any CPU.ActiveCfg = Debug|Any CPU
		{19754394-13B8-4955-B621-B39BF4C27BAC}.Debug|Any CPU.Build.0 = Debug|Any CPU
		{19754394-13B8-4955-B621-B39BF4C27BAC}.Debug|x64.ActiveCfg = Debug|Any CPU
		{19754394-13B8-4955-B621-B39BF4C27BAC}.Debug|x64.Build.0 = Debug|Any CPU
		{19754394-13B8-4955-B621-B39BF4C27BAC}.Debug|x86.ActiveCfg = Debug|Any CPU
		{19754394-13B8-4955-B621-B39BF4C27BAC}.Debug|x86.Build.0 = Debug|Any CPU
		{19754394-13B8-4955-B621-B39BF4C27BAC}.Release|Any CPU.ActiveCfg = Release|Any CPU
		{19754394-13B8-4955-B621-B39BF4C27BAC}.Release|Any CPU.Build.0 = Release|Any CPU
		{19754394-13B8-4955-B621-B39BF4C27BAC}.Release|x64.ActiveCfg = Release|Any CPU
		{19754394-13B8-4955-B621-B39BF4C27BAC}.Release|x64.Build.0 = Release|Any CPU
		{19754394-13B8-4955-B621-B39BF4C27BAC}.Release|x86.ActiveCfg = Release|Any CPU
		{19754394-13B8-4955-B621-B39BF4C27BAC}.Release|x86.Build.0 = Release|Any CPU
		{1A12DF3A-0170-4C46-A2F3-1D9EC17A6A31}.Debug|Any CPU.ActiveCfg = Debug|Any CPU
		{1A12DF3A-0170-4C46-A2F3-1D9EC17A6A31}.Debug|Any CPU.Build.0 = Debug|Any CPU
		{1A12DF3A-0170-4C46-A2F3-1D9EC17A6A31}.Debug|x64.ActiveCfg = Debug|Any CPU
		{1A12DF3A-0170-4C46-A2F3-1D9EC17A6A31}.Debug|x64.Build.0 = Debug|Any CPU
		{1A12DF3A-0170-4C46-A2F3-1D9EC17A6A31}.Debug|x86.ActiveCfg = Debug|Any CPU
		{1A12DF3A-0170-4C46-A2F3-1D9EC17A6A31}.Debug|x86.Build.0 = Debug|Any CPU
		{1A12DF3A-0170-4C46-A2F3-1D9EC17A6A31}.Release|Any CPU.ActiveCfg = Release|Any CPU
		{1A12DF3A-0170-4C46-A2F3-1D9EC17A6A31}.Release|Any CPU.Build.0 = Release|Any CPU
		{1A12DF3A-0170-4C46-A2F3-1D9EC17A6A31}.Release|x64.ActiveCfg = Release|Any CPU
		{1A12DF3A-0170-4C46-A2F3-1D9EC17A6A31}.Release|x64.Build.0 = Release|Any CPU
		{1A12DF3A-0170-4C46-A2F3-1D9EC17A6A31}.Release|x86.ActiveCfg = Release|Any CPU
		{1A12DF3A-0170-4C46-A2F3-1D9EC17A6A31}.Release|x86.Build.0 = Release|Any CPU
		{E12B9BFC-A431-46D8-AD33-FEBD51F324AC}.Debug|Any CPU.ActiveCfg = Debug|Any CPU
		{E12B9BFC-A431-46D8-AD33-FEBD51F324AC}.Debug|Any CPU.Build.0 = Debug|Any CPU
		{E12B9BFC-A431-46D8-AD33-FEBD51F324AC}.Debug|x64.ActiveCfg = Debug|Any CPU
		{E12B9BFC-A431-46D8-AD33-FEBD51F324AC}.Debug|x64.Build.0 = Debug|Any CPU
		{E12B9BFC-A431-46D8-AD33-FEBD51F324AC}.Debug|x86.ActiveCfg = Debug|Any CPU
		{E12B9BFC-A431-46D8-AD33-FEBD51F324AC}.Debug|x86.Build.0 = Debug|Any CPU
		{E12B9BFC-A431-46D8-AD33-FEBD51F324AC}.Release|Any CPU.ActiveCfg = Release|Any CPU
		{E12B9BFC-A431-46D8-AD33-FEBD51F324AC}.Release|Any CPU.Build.0 = Release|Any CPU
		{E12B9BFC-A431-46D8-AD33-FEBD51F324AC}.Release|x64.ActiveCfg = Release|Any CPU
		{E12B9BFC-A431-46D8-AD33-FEBD51F324AC}.Release|x64.Build.0 = Release|Any CPU
		{E12B9BFC-A431-46D8-AD33-FEBD51F324AC}.Release|x86.ActiveCfg = Release|Any CPU
		{E12B9BFC-A431-46D8-AD33-FEBD51F324AC}.Release|x86.Build.0 = Release|Any CPU
		{C3AF0F60-896D-4C78-BEEA-7D1116B3D510}.Debug|Any CPU.ActiveCfg = Debug|Any CPU
		{C3AF0F60-896D-4C78-BEEA-7D1116B3D510}.Debug|Any CPU.Build.0 = Debug|Any CPU
		{C3AF0F60-896D-4C78-BEEA-7D1116B3D510}.Debug|x64.ActiveCfg = Debug|Any CPU
		{C3AF0F60-896D-4C78-BEEA-7D1116B3D510}.Debug|x64.Build.0 = Debug|Any CPU
		{C3AF0F60-896D-4C78-BEEA-7D1116B3D510}.Debug|x86.ActiveCfg = Debug|Any CPU
		{C3AF0F60-896D-4C78-BEEA-7D1116B3D510}.Debug|x86.Build.0 = Debug|Any CPU
		{C3AF0F60-896D-4C78-BEEA-7D1116B3D510}.Release|Any CPU.ActiveCfg = Release|Any CPU
		{C3AF0F60-896D-4C78-BEEA-7D1116B3D510}.Release|Any CPU.Build.0 = Release|Any CPU
		{C3AF0F60-896D-4C78-BEEA-7D1116B3D510}.Release|x64.ActiveCfg = Release|Any CPU
		{C3AF0F60-896D-4C78-BEEA-7D1116B3D510}.Release|x64.Build.0 = Release|Any CPU
		{C3AF0F60-896D-4C78-BEEA-7D1116B3D510}.Release|x86.ActiveCfg = Release|Any CPU
		{C3AF0F60-896D-4C78-BEEA-7D1116B3D510}.Release|x86.Build.0 = Release|Any CPU
		{0136EC5E-689B-4404-8E89-67A65CC9FCF0}.Debug|Any CPU.ActiveCfg = Debug|Any CPU
		{0136EC5E-689B-4404-8E89-67A65CC9FCF0}.Debug|Any CPU.Build.0 = Debug|Any CPU
		{0136EC5E-689B-4404-8E89-67A65CC9FCF0}.Debug|x64.ActiveCfg = Debug|Any CPU
		{0136EC5E-689B-4404-8E89-67A65CC9FCF0}.Debug|x64.Build.0 = Debug|Any CPU
		{0136EC5E-689B-4404-8E89-67A65CC9FCF0}.Debug|x86.ActiveCfg = Debug|Any CPU
		{0136EC5E-689B-4404-8E89-67A65CC9FCF0}.Debug|x86.Build.0 = Debug|Any CPU
		{0136EC5E-689B-4404-8E89-67A65CC9FCF0}.Release|Any CPU.ActiveCfg = Release|Any CPU
		{0136EC5E-689B-4404-8E89-67A65CC9FCF0}.Release|Any CPU.Build.0 = Release|Any CPU
		{0136EC5E-689B-4404-8E89-67A65CC9FCF0}.Release|x64.ActiveCfg = Release|Any CPU
		{0136EC5E-689B-4404-8E89-67A65CC9FCF0}.Release|x64.Build.0 = Release|Any CPU
		{0136EC5E-689B-4404-8E89-67A65CC9FCF0}.Release|x86.ActiveCfg = Release|Any CPU
		{0136EC5E-689B-4404-8E89-67A65CC9FCF0}.Release|x86.Build.0 = Release|Any CPU
		{A7FD0420-FEE8-42AB-8E66-7D10ED2E4D5E}.Debug|Any CPU.ActiveCfg = Debug|Any CPU
		{A7FD0420-FEE8-42AB-8E66-7D10ED2E4D5E}.Debug|Any CPU.Build.0 = Debug|Any CPU
		{A7FD0420-FEE8-42AB-8E66-7D10ED2E4D5E}.Debug|x64.ActiveCfg = Debug|Any CPU
		{A7FD0420-FEE8-42AB-8E66-7D10ED2E4D5E}.Debug|x64.Build.0 = Debug|Any CPU
		{A7FD0420-FEE8-42AB-8E66-7D10ED2E4D5E}.Debug|x86.ActiveCfg = Debug|Any CPU
		{A7FD0420-FEE8-42AB-8E66-7D10ED2E4D5E}.Debug|x86.Build.0 = Debug|Any CPU
		{A7FD0420-FEE8-42AB-8E66-7D10ED2E4D5E}.Release|Any CPU.ActiveCfg = Release|Any CPU
		{A7FD0420-FEE8-42AB-8E66-7D10ED2E4D5E}.Release|Any CPU.Build.0 = Release|Any CPU
		{A7FD0420-FEE8-42AB-8E66-7D10ED2E4D5E}.Release|x64.ActiveCfg = Release|Any CPU
		{A7FD0420-FEE8-42AB-8E66-7D10ED2E4D5E}.Release|x64.Build.0 = Release|Any CPU
		{A7FD0420-FEE8-42AB-8E66-7D10ED2E4D5E}.Release|x86.ActiveCfg = Release|Any CPU
		{A7FD0420-FEE8-42AB-8E66-7D10ED2E4D5E}.Release|x86.Build.0 = Release|Any CPU
		{CD4AC146-A43D-42DF-A69C-12273F8F9BEB}.Debug|Any CPU.ActiveCfg = Debug|Any CPU
		{CD4AC146-A43D-42DF-A69C-12273F8F9BEB}.Debug|Any CPU.Build.0 = Debug|Any CPU
		{CD4AC146-A43D-42DF-A69C-12273F8F9BEB}.Debug|x64.ActiveCfg = Debug|Any CPU
		{CD4AC146-A43D-42DF-A69C-12273F8F9BEB}.Debug|x64.Build.0 = Debug|Any CPU
		{CD4AC146-A43D-42DF-A69C-12273F8F9BEB}.Debug|x86.ActiveCfg = Debug|Any CPU
		{CD4AC146-A43D-42DF-A69C-12273F8F9BEB}.Debug|x86.Build.0 = Debug|Any CPU
		{CD4AC146-A43D-42DF-A69C-12273F8F9BEB}.Release|Any CPU.ActiveCfg = Release|Any CPU
		{CD4AC146-A43D-42DF-A69C-12273F8F9BEB}.Release|Any CPU.Build.0 = Release|Any CPU
		{CD4AC146-A43D-42DF-A69C-12273F8F9BEB}.Release|x64.ActiveCfg = Release|Any CPU
		{CD4AC146-A43D-42DF-A69C-12273F8F9BEB}.Release|x64.Build.0 = Release|Any CPU
		{CD4AC146-A43D-42DF-A69C-12273F8F9BEB}.Release|x86.ActiveCfg = Release|Any CPU
		{CD4AC146-A43D-42DF-A69C-12273F8F9BEB}.Release|x86.Build.0 = Release|Any CPU
		{5B8FE274-A9E3-4B6F-AD78-CE7F3C101E8E}.Debug|Any CPU.ActiveCfg = Debug|Any CPU
		{5B8FE274-A9E3-4B6F-AD78-CE7F3C101E8E}.Debug|Any CPU.Build.0 = Debug|Any CPU
		{5B8FE274-A9E3-4B6F-AD78-CE7F3C101E8E}.Debug|x64.ActiveCfg = Debug|Any CPU
		{5B8FE274-A9E3-4B6F-AD78-CE7F3C101E8E}.Debug|x64.Build.0 = Debug|Any CPU
		{5B8FE274-A9E3-4B6F-AD78-CE7F3C101E8E}.Debug|x86.ActiveCfg = Debug|Any CPU
		{5B8FE274-A9E3-4B6F-AD78-CE7F3C101E8E}.Debug|x86.Build.0 = Debug|Any CPU
		{5B8FE274-A9E3-4B6F-AD78-CE7F3C101E8E}.Release|Any CPU.ActiveCfg = Release|Any CPU
		{5B8FE274-A9E3-4B6F-AD78-CE7F3C101E8E}.Release|Any CPU.Build.0 = Release|Any CPU
		{5B8FE274-A9E3-4B6F-AD78-CE7F3C101E8E}.Release|x64.ActiveCfg = Release|Any CPU
		{5B8FE274-A9E3-4B6F-AD78-CE7F3C101E8E}.Release|x64.Build.0 = Release|Any CPU
		{5B8FE274-A9E3-4B6F-AD78-CE7F3C101E8E}.Release|x86.ActiveCfg = Release|Any CPU
		{5B8FE274-A9E3-4B6F-AD78-CE7F3C101E8E}.Release|x86.Build.0 = Release|Any CPU
		{DF92B282-4505-484B-9BD9-A9E125CA607D}.Debug|Any CPU.ActiveCfg = Debug|Win32
		{DF92B282-4505-484B-9BD9-A9E125CA607D}.Debug|x64.ActiveCfg = Debug|x64
		{DF92B282-4505-484B-9BD9-A9E125CA607D}.Debug|x64.Build.0 = Debug|x64
		{DF92B282-4505-484B-9BD9-A9E125CA607D}.Debug|x86.ActiveCfg = Debug|Win32
		{DF92B282-4505-484B-9BD9-A9E125CA607D}.Debug|x86.Build.0 = Debug|Win32
		{DF92B282-4505-484B-9BD9-A9E125CA607D}.Release|Any CPU.ActiveCfg = Release|Win32
		{DF92B282-4505-484B-9BD9-A9E125CA607D}.Release|x64.ActiveCfg = Release|x64
		{DF92B282-4505-484B-9BD9-A9E125CA607D}.Release|x64.Build.0 = Release|x64
		{DF92B282-4505-484B-9BD9-A9E125CA607D}.Release|x86.ActiveCfg = Release|Win32
		{DF92B282-4505-484B-9BD9-A9E125CA607D}.Release|x86.Build.0 = Release|Win32
		{6E7C56A3-BAEF-4714-9B09-52393A2B9CA5}.Debug|Any CPU.ActiveCfg = Debug|Any CPU
		{6E7C56A3-BAEF-4714-9B09-52393A2B9CA5}.Debug|Any CPU.Build.0 = Debug|Any CPU
		{6E7C56A3-BAEF-4714-9B09-52393A2B9CA5}.Debug|x64.ActiveCfg = Debug|Any CPU
		{6E7C56A3-BAEF-4714-9B09-52393A2B9CA5}.Debug|x64.Build.0 = Debug|Any CPU
		{6E7C56A3-BAEF-4714-9B09-52393A2B9CA5}.Debug|x86.ActiveCfg = Debug|Any CPU
		{6E7C56A3-BAEF-4714-9B09-52393A2B9CA5}.Debug|x86.Build.0 = Debug|Any CPU
		{6E7C56A3-BAEF-4714-9B09-52393A2B9CA5}.Release|Any CPU.ActiveCfg = Release|Any CPU
		{6E7C56A3-BAEF-4714-9B09-52393A2B9CA5}.Release|Any CPU.Build.0 = Release|Any CPU
		{6E7C56A3-BAEF-4714-9B09-52393A2B9CA5}.Release|x64.ActiveCfg = Release|Any CPU
		{6E7C56A3-BAEF-4714-9B09-52393A2B9CA5}.Release|x64.Build.0 = Release|Any CPU
		{6E7C56A3-BAEF-4714-9B09-52393A2B9CA5}.Release|x86.ActiveCfg = Release|Any CPU
		{6E7C56A3-BAEF-4714-9B09-52393A2B9CA5}.Release|x86.Build.0 = Release|Any CPU
		{9A4C29EE-E4FF-4A8B-B42B-3D10A70E1982}.Debug|Any CPU.ActiveCfg = Debug|Any CPU
		{9A4C29EE-E4FF-4A8B-B42B-3D10A70E1982}.Debug|Any CPU.Build.0 = Debug|Any CPU
		{9A4C29EE-E4FF-4A8B-B42B-3D10A70E1982}.Debug|x64.ActiveCfg = Debug|Any CPU
		{9A4C29EE-E4FF-4A8B-B42B-3D10A70E1982}.Debug|x64.Build.0 = Debug|Any CPU
		{9A4C29EE-E4FF-4A8B-B42B-3D10A70E1982}.Debug|x86.ActiveCfg = Debug|Any CPU
		{9A4C29EE-E4FF-4A8B-B42B-3D10A70E1982}.Debug|x86.Build.0 = Debug|Any CPU
		{9A4C29EE-E4FF-4A8B-B42B-3D10A70E1982}.Release|Any CPU.ActiveCfg = Release|Any CPU
		{9A4C29EE-E4FF-4A8B-B42B-3D10A70E1982}.Release|Any CPU.Build.0 = Release|Any CPU
		{9A4C29EE-E4FF-4A8B-B42B-3D10A70E1982}.Release|x64.ActiveCfg = Release|Any CPU
		{9A4C29EE-E4FF-4A8B-B42B-3D10A70E1982}.Release|x64.Build.0 = Release|Any CPU
		{9A4C29EE-E4FF-4A8B-B42B-3D10A70E1982}.Release|x86.ActiveCfg = Release|Any CPU
		{9A4C29EE-E4FF-4A8B-B42B-3D10A70E1982}.Release|x86.Build.0 = Release|Any CPU
	EndGlobalSection
	GlobalSection(SolutionProperties) = preSolution
		HideSolutionNode = FALSE
	EndGlobalSection
	GlobalSection(ExtensibilityGlobals) = postSolution
		SolutionGuid = {E38A4FD5-0029-46EA-9C58-16F0517C1870}
	EndGlobalSection
EndGlobal
